// !$*UTF8*$!
{
	archiveVersion = 1;
	classes = {
	};
	objectVersion = 56;
	objects = {

/* Begin PBXBuildFile section */
		C96BF3F9291FFDE70011BC3B /* Device.swift in Sources */ = {isa = PBXBuildFile; fileRef = C96BF3F8291FFDE70011BC3B /* Device.swift */; };
		C96BF3FD292007F30011BC3B /* DeviceControlCell.swift in Sources */ = {isa = PBXBuildFile; fileRef = C96BF3FC292007F30011BC3B /* DeviceControlCell.swift */; };
		C9A9E5C12918D1C3005B5C22 /* AppDelegate.swift in Sources */ = {isa = PBXBuildFile; fileRef = C9A9E5C02918D1C3005B5C22 /* AppDelegate.swift */; };
		C9A9E5C32918D1C3005B5C22 /* SceneDelegate.swift in Sources */ = {isa = PBXBuildFile; fileRef = C9A9E5C22918D1C3005B5C22 /* SceneDelegate.swift */; };
		C9A9E5C52918D1C3005B5C22 /* ViewController.swift in Sources */ = {isa = PBXBuildFile; fileRef = C9A9E5C42918D1C3005B5C22 /* ViewController.swift */; };
		C9A9E5C82918D1C3005B5C22 /* Main.storyboard in Resources */ = {isa = PBXBuildFile; fileRef = C9A9E5C62918D1C3005B5C22 /* Main.storyboard */; };
		C9A9E5CA2918D1C4005B5C22 /* Assets.xcassets in Resources */ = {isa = PBXBuildFile; fileRef = C9A9E5C92918D1C4005B5C22 /* Assets.xcassets */; };
		C9A9E5CD2918D1C4005B5C22 /* LaunchScreen.storyboard in Resources */ = {isa = PBXBuildFile; fileRef = C9A9E5CB2918D1C4005B5C22 /* LaunchScreen.storyboard */; };
		C9A9E5D52918D5DB005B5C22 /* EntryViewController.swift in Sources */ = {isa = PBXBuildFile; fileRef = C9A9E5D42918D5DB005B5C22 /* EntryViewController.swift */; };
		C9A9E5D72918D5FC005B5C22 /* DeviceViewController.swift in Sources */ = {isa = PBXBuildFile; fileRef = C9A9E5D62918D5FC005B5C22 /* DeviceViewController.swift */; };
/* End PBXBuildFile section */

/* Begin PBXFileReference section */
		C96BF3F8291FFDE70011BC3B /* Device.swift */ = {isa = PBXFileReference; lastKnownFileType = sourcecode.swift; path = Device.swift; sourceTree = "<group>"; };
		C96BF3FC292007F30011BC3B /* DeviceControlCell.swift */ = {isa = PBXFileReference; lastKnownFileType = sourcecode.swift; path = DeviceControlCell.swift; sourceTree = "<group>"; };
		C9A9E5BD2918D1C3005B5C22 /* wled-native.app */ = {isa = PBXFileReference; explicitFileType = wrapper.application; includeInIndex = 0; path = "wled-native.app"; sourceTree = BUILT_PRODUCTS_DIR; };
		C9A9E5C02918D1C3005B5C22 /* AppDelegate.swift */ = {isa = PBXFileReference; lastKnownFileType = sourcecode.swift; path = AppDelegate.swift; sourceTree = "<group>"; };
		C9A9E5C22918D1C3005B5C22 /* SceneDelegate.swift */ = {isa = PBXFileReference; lastKnownFileType = sourcecode.swift; path = SceneDelegate.swift; sourceTree = "<group>"; };
		C9A9E5C42918D1C3005B5C22 /* ViewController.swift */ = {isa = PBXFileReference; lastKnownFileType = sourcecode.swift; path = ViewController.swift; sourceTree = "<group>"; };
		C9A9E5C72918D1C3005B5C22 /* Base */ = {isa = PBXFileReference; lastKnownFileType = file.storyboard; name = Base; path = Base.lproj/Main.storyboard; sourceTree = "<group>"; };
		C9A9E5C92918D1C4005B5C22 /* Assets.xcassets */ = {isa = PBXFileReference; lastKnownFileType = folder.assetcatalog; path = Assets.xcassets; sourceTree = "<group>"; };
		C9A9E5CC2918D1C4005B5C22 /* Base */ = {isa = PBXFileReference; lastKnownFileType = file.storyboard; name = Base; path = Base.lproj/LaunchScreen.storyboard; sourceTree = "<group>"; };
		C9A9E5CE2918D1C4005B5C22 /* Info.plist */ = {isa = PBXFileReference; lastKnownFileType = text.plist.xml; path = Info.plist; sourceTree = "<group>"; };
		C9A9E5D42918D5DB005B5C22 /* EntryViewController.swift */ = {isa = PBXFileReference; lastKnownFileType = sourcecode.swift; path = EntryViewController.swift; sourceTree = "<group>"; };
		C9A9E5D62918D5FC005B5C22 /* DeviceViewController.swift */ = {isa = PBXFileReference; lastKnownFileType = sourcecode.swift; path = DeviceViewController.swift; sourceTree = "<group>"; };
/* End PBXFileReference section */

/* Begin PBXFrameworksBuildPhase section */
		C9A9E5BA2918D1C3005B5C22 /* Frameworks */ = {
			isa = PBXFrameworksBuildPhase;
			buildActionMask = 2147483647;
			files = (
			);
			runOnlyForDeploymentPostprocessing = 0;
		};
/* End PBXFrameworksBuildPhase section */

/* Begin PBXGroup section */
		C96BF3F7291FFDC90011BC3B /* Model */ = {
			isa = PBXGroup;
			children = (
				C96BF3F8291FFDE70011BC3B /* Device.swift */,
			);
			path = Model;
			sourceTree = "<group>";
		};
		C9A9E5B42918D1C3005B5C22 = {
			isa = PBXGroup;
			children = (
				C9A9E5BF2918D1C3005B5C22 /* wled-native */,
				C9A9E5BE2918D1C3005B5C22 /* Products */,
			);
			sourceTree = "<group>";
		};
		C9A9E5BE2918D1C3005B5C22 /* Products */ = {
			isa = PBXGroup;
			children = (
				C9A9E5BD2918D1C3005B5C22 /* wled-native.app */,
			);
			name = Products;
			sourceTree = "<group>";
		};
		C9A9E5BF2918D1C3005B5C22 /* wled-native */ = {
			isa = PBXGroup;
			children = (
				C96BF3F7291FFDC90011BC3B /* Model */,
				C9A9E5C02918D1C3005B5C22 /* AppDelegate.swift */,
				C9A9E5C22918D1C3005B5C22 /* SceneDelegate.swift */,
				C9A9E5C42918D1C3005B5C22 /* ViewController.swift */,
				C9A9E5C62918D1C3005B5C22 /* Main.storyboard */,
				C9A9E5C92918D1C4005B5C22 /* Assets.xcassets */,
				C9A9E5CB2918D1C4005B5C22 /* LaunchScreen.storyboard */,
				C9A9E5CE2918D1C4005B5C22 /* Info.plist */,
				C9A9E5D42918D5DB005B5C22 /* EntryViewController.swift */,
				C9A9E5D62918D5FC005B5C22 /* DeviceViewController.swift */,
				C96BF3FC292007F30011BC3B /* DeviceControlCell.swift */,
			);
			path = "wled-native";
			sourceTree = "<group>";
		};
/* End PBXGroup section */

/* Begin PBXNativeTarget section */
		C9A9E5BC2918D1C3005B5C22 /* wled-native */ = {
			isa = PBXNativeTarget;
			buildConfigurationList = C9A9E5D12918D1C4005B5C22 /* Build configuration list for PBXNativeTarget "wled-native" */;
			buildPhases = (
				C9A9E5B92918D1C3005B5C22 /* Sources */,
				C9A9E5BA2918D1C3005B5C22 /* Frameworks */,
				C9A9E5BB2918D1C3005B5C22 /* Resources */,
			);
			buildRules = (
			);
			dependencies = (
			);
			name = "wled-native";
			productName = "wled-native";
			productReference = C9A9E5BD2918D1C3005B5C22 /* wled-native.app */;
			productType = "com.apple.product-type.application";
		};
/* End PBXNativeTarget section */

/* Begin PBXProject section */
		C9A9E5B52918D1C3005B5C22 /* Project object */ = {
			isa = PBXProject;
			attributes = {
				BuildIndependentTargetsInParallel = 1;
				LastSwiftUpdateCheck = 1410;
				LastUpgradeCheck = 1410;
				TargetAttributes = {
					C9A9E5BC2918D1C3005B5C22 = {
						CreatedOnToolsVersion = 14.1;
					};
				};
			};
			buildConfigurationList = C9A9E5B82918D1C3005B5C22 /* Build configuration list for PBXProject "wled-native" */;
			compatibilityVersion = "Xcode 14.0";
			developmentRegion = en;
			hasScannedForEncodings = 0;
			knownRegions = (
				en,
				Base,
			);
			mainGroup = C9A9E5B42918D1C3005B5C22;
			productRefGroup = C9A9E5BE2918D1C3005B5C22 /* Products */;
			projectDirPath = "";
			projectRoot = "";
			targets = (
				C9A9E5BC2918D1C3005B5C22 /* wled-native */,
			);
		};
/* End PBXProject section */

/* Begin PBXResourcesBuildPhase section */
		C9A9E5BB2918D1C3005B5C22 /* Resources */ = {
			isa = PBXResourcesBuildPhase;
			buildActionMask = 2147483647;
			files = (
				C9A9E5CD2918D1C4005B5C22 /* LaunchScreen.storyboard in Resources */,
				C9A9E5CA2918D1C4005B5C22 /* Assets.xcassets in Resources */,
				C9A9E5C82918D1C3005B5C22 /* Main.storyboard in Resources */,
			);
			runOnlyForDeploymentPostprocessing = 0;
		};
/* End PBXResourcesBuildPhase section */

/* Begin PBXSourcesBuildPhase section */
		C9A9E5B92918D1C3005B5C22 /* Sources */ = {
			isa = PBXSourcesBuildPhase;
			buildActionMask = 2147483647;
			files = (
				C9A9E5C52918D1C3005B5C22 /* ViewController.swift in Sources */,
				C96BF3FD292007F30011BC3B /* DeviceControlCell.swift in Sources */,
				C9A9E5D52918D5DB005B5C22 /* EntryViewController.swift in Sources */,
				C9A9E5D72918D5FC005B5C22 /* DeviceViewController.swift in Sources */,
				C96BF3F9291FFDE70011BC3B /* Device.swift in Sources */,
				C9A9E5C12918D1C3005B5C22 /* AppDelegate.swift in Sources */,
				C9A9E5C32918D1C3005B5C22 /* SceneDelegate.swift in Sources */,
			);
			runOnlyForDeploymentPostprocessing = 0;
		};
/* End PBXSourcesBuildPhase section */

/* Begin PBXVariantGroup section */
		C9A9E5C62918D1C3005B5C22 /* Main.storyboard */ = {
			isa = PBXVariantGroup;
			children = (
				C9A9E5C72918D1C3005B5C22 /* Base */,
			);
			name = Main.storyboard;
			sourceTree = "<group>";
		};
		C9A9E5CB2918D1C4005B5C22 /* LaunchScreen.storyboard */ = {
			isa = PBXVariantGroup;
			children = (
				C9A9E5CC2918D1C4005B5C22 /* Base */,
			);
			name = LaunchScreen.storyboard;
			sourceTree = "<group>";
		};
/* End PBXVariantGroup section */

/* Begin XCBuildConfiguration section */
		C9A9E5CF2918D1C4005B5C22 /* Debug */ = {
			isa = XCBuildConfiguration;
			buildSettings = {
				ALWAYS_SEARCH_USER_PATHS = NO;
				CLANG_ANALYZER_NONNULL = YES;
				CLANG_ANALYZER_NUMBER_OBJECT_CONVERSION = YES_AGGRESSIVE;
				CLANG_CXX_LANGUAGE_STANDARD = "gnu++20";
				CLANG_ENABLE_MODULES = YES;
				CLANG_ENABLE_OBJC_ARC = YES;
				CLANG_ENABLE_OBJC_WEAK = YES;
				CLANG_WARN_BLOCK_CAPTURE_AUTORELEASING = YES;
				CLANG_WARN_BOOL_CONVERSION = YES;
				CLANG_WARN_COMMA = YES;
				CLANG_WARN_CONSTANT_CONVERSION = YES;
				CLANG_WARN_DEPRECATED_OBJC_IMPLEMENTATIONS = YES;
				CLANG_WARN_DIRECT_OBJC_ISA_USAGE = YES_ERROR;
				CLANG_WARN_DOCUMENTATION_COMMENTS = YES;
				CLANG_WARN_EMPTY_BODY = YES;
				CLANG_WARN_ENUM_CONVERSION = YES;
				CLANG_WARN_INFINITE_RECURSION = YES;
				CLANG_WARN_INT_CONVERSION = YES;
				CLANG_WARN_NON_LITERAL_NULL_CONVERSION = YES;
				CLANG_WARN_OBJC_IMPLICIT_RETAIN_SELF = YES;
				CLANG_WARN_OBJC_LITERAL_CONVERSION = YES;
				CLANG_WARN_OBJC_ROOT_CLASS = YES_ERROR;
				CLANG_WARN_QUOTED_INCLUDE_IN_FRAMEWORK_HEADER = YES;
				CLANG_WARN_RANGE_LOOP_ANALYSIS = YES;
				CLANG_WARN_STRICT_PROTOTYPES = YES;
				CLANG_WARN_SUSPICIOUS_MOVE = YES;
				CLANG_WARN_UNGUARDED_AVAILABILITY = YES_AGGRESSIVE;
				CLANG_WARN_UNREACHABLE_CODE = YES;
				CLANG_WARN__DUPLICATE_METHOD_MATCH = YES;
				COPY_PHASE_STRIP = NO;
				DEBUG_INFORMATION_FORMAT = dwarf;
				ENABLE_STRICT_OBJC_MSGSEND = YES;
				ENABLE_TESTABILITY = YES;
				GCC_C_LANGUAGE_STANDARD = gnu11;
				GCC_DYNAMIC_NO_PIC = NO;
				GCC_NO_COMMON_BLOCKS = YES;
				GCC_OPTIMIZATION_LEVEL = 0;
				GCC_PREPROCESSOR_DEFINITIONS = (
					"DEBUG=1",
					"$(inherited)",
				);
				GCC_WARN_64_TO_32_BIT_CONVERSION = YES;
				GCC_WARN_ABOUT_RETURN_TYPE = YES_ERROR;
				GCC_WARN_UNDECLARED_SELECTOR = YES;
				GCC_WARN_UNINITIALIZED_AUTOS = YES_AGGRESSIVE;
				GCC_WARN_UNUSED_FUNCTION = YES;
				GCC_WARN_UNUSED_VARIABLE = YES;
				IPHONEOS_DEPLOYMENT_TARGET = 16.1;
				MTL_ENABLE_DEBUG_INFO = INCLUDE_SOURCE;
				MTL_FAST_MATH = YES;
				ONLY_ACTIVE_ARCH = YES;
				SDKROOT = iphoneos;
				SWIFT_ACTIVE_COMPILATION_CONDITIONS = DEBUG;
				SWIFT_OPTIMIZATION_LEVEL = "-Onone";
			};
			name = Debug;
		};
		C9A9E5D02918D1C4005B5C22 /* Release */ = {
			isa = XCBuildConfiguration;
			buildSettings = {
				ALWAYS_SEARCH_USER_PATHS = NO;
				CLANG_ANALYZER_NONNULL = YES;
				CLANG_ANALYZER_NUMBER_OBJECT_CONVERSION = YES_AGGRESSIVE;
				CLANG_CXX_LANGUAGE_STANDARD = "gnu++20";
				CLANG_ENABLE_MODULES = YES;
				CLANG_ENABLE_OBJC_ARC = YES;
				CLANG_ENABLE_OBJC_WEAK = YES;
				CLANG_WARN_BLOCK_CAPTURE_AUTORELEASING = YES;
				CLANG_WARN_BOOL_CONVERSION = YES;
				CLANG_WARN_COMMA = YES;
				CLANG_WARN_CONSTANT_CONVERSION = YES;
				CLANG_WARN_DEPRECATED_OBJC_IMPLEMENTATIONS = YES;
				CLANG_WARN_DIRECT_OBJC_ISA_USAGE = YES_ERROR;
				CLANG_WARN_DOCUMENTATION_COMMENTS = YES;
				CLANG_WARN_EMPTY_BODY = YES;
				CLANG_WARN_ENUM_CONVERSION = YES;
				CLANG_WARN_INFINITE_RECURSION = YES;
				CLANG_WARN_INT_CONVERSION = YES;
				CLANG_WARN_NON_LITERAL_NULL_CONVERSION = YES;
				CLANG_WARN_OBJC_IMPLICIT_RETAIN_SELF = YES;
				CLANG_WARN_OBJC_LITERAL_CONVERSION = YES;
				CLANG_WARN_OBJC_ROOT_CLASS = YES_ERROR;
				CLANG_WARN_QUOTED_INCLUDE_IN_FRAMEWORK_HEADER = YES;
				CLANG_WARN_RANGE_LOOP_ANALYSIS = YES;
				CLANG_WARN_STRICT_PROTOTYPES = YES;
				CLANG_WARN_SUSPICIOUS_MOVE = YES;
				CLANG_WARN_UNGUARDED_AVAILABILITY = YES_AGGRESSIVE;
				CLANG_WARN_UNREACHABLE_CODE = YES;
				CLANG_WARN__DUPLICATE_METHOD_MATCH = YES;
				COPY_PHASE_STRIP = NO;
				DEBUG_INFORMATION_FORMAT = "dwarf-with-dsym";
				ENABLE_NS_ASSERTIONS = NO;
				ENABLE_STRICT_OBJC_MSGSEND = YES;
				GCC_C_LANGUAGE_STANDARD = gnu11;
				GCC_NO_COMMON_BLOCKS = YES;
				GCC_WARN_64_TO_32_BIT_CONVERSION = YES;
				GCC_WARN_ABOUT_RETURN_TYPE = YES_ERROR;
				GCC_WARN_UNDECLARED_SELECTOR = YES;
				GCC_WARN_UNINITIALIZED_AUTOS = YES_AGGRESSIVE;
				GCC_WARN_UNUSED_FUNCTION = YES;
				GCC_WARN_UNUSED_VARIABLE = YES;
				IPHONEOS_DEPLOYMENT_TARGET = 16.1;
				MTL_ENABLE_DEBUG_INFO = NO;
				MTL_FAST_MATH = YES;
				SDKROOT = iphoneos;
				SWIFT_COMPILATION_MODE = wholemodule;
				SWIFT_OPTIMIZATION_LEVEL = "-O";
				VALIDATE_PRODUCT = YES;
			};
			name = Release;
		};
		C9A9E5D22918D1C4005B5C22 /* Debug */ = {
			isa = XCBuildConfiguration;
			buildSettings = {
				ASSETCATALOG_COMPILER_APPICON_NAME = AppIcon;
				ASSETCATALOG_COMPILER_GLOBAL_ACCENT_COLOR_NAME = AccentColor;
				CODE_SIGN_STYLE = Automatic;
				CURRENT_PROJECT_VERSION = 1;
				GENERATE_INFOPLIST_FILE = YES;
				INFOPLIST_FILE = "wled-native/Info.plist";
				INFOPLIST_KEY_UIApplicationSupportsIndirectInputEvents = YES;
				INFOPLIST_KEY_UILaunchStoryboardName = LaunchScreen;
				INFOPLIST_KEY_UIMainStoryboardFile = Main;
				INFOPLIST_KEY_UISupportedInterfaceOrientations_iPad = "UIInterfaceOrientationPortrait UIInterfaceOrientationPortraitUpsideDown UIInterfaceOrientationLandscapeLeft UIInterfaceOrientationLandscapeRight";
				INFOPLIST_KEY_UISupportedInterfaceOrientations_iPhone = "UIInterfaceOrientationPortrait UIInterfaceOrientationLandscapeLeft UIInterfaceOrientationLandscapeRight";
				LD_RUNPATH_SEARCH_PATHS = (
					"$(inherited)",
					"@executable_path/Frameworks",
				);
				MARKETING_VERSION = 1.0;
				PRODUCT_BUNDLE_IDENTIFIER = "ca.cgagnier.wled-native";
				PRODUCT_NAME = "$(TARGET_NAME)";
				SWIFT_EMIT_LOC_STRINGS = YES;
				SWIFT_VERSION = 5.0;
				TARGETED_DEVICE_FAMILY = "1,2";
			};
			name = Debug;
		};
		C9A9E5D32918D1C4005B5C22 /* Release */ = {
			isa = XCBuildConfiguration;
			buildSettings = {
				ASSETCATALOG_COMPILER_APPICON_NAME = AppIcon;
				ASSETCATALOG_COMPILER_GLOBAL_ACCENT_COLOR_NAME = AccentColor;
				CODE_SIGN_STYLE = Automatic;
				CURRENT_PROJECT_VERSION = 1;
				GENERATE_INFOPLIST_FILE = YES;
				INFOPLIST_FILE = "wled-native/Info.plist";
				INFOPLIST_KEY_UIApplicationSupportsIndirectInputEvents = YES;
				INFOPLIST_KEY_UILaunchStoryboardName = LaunchScreen;
				INFOPLIST_KEY_UIMainStoryboardFile = Main;
				INFOPLIST_KEY_UISupportedInterfaceOrientations_iPad = "UIInterfaceOrientationPortrait UIInterfaceOrientationPortraitUpsideDown UIInterfaceOrientationLandscapeLeft UIInterfaceOrientationLandscapeRight";
				INFOPLIST_KEY_UISupportedInterfaceOrientations_iPhone = "UIInterfaceOrientationPortrait UIInterfaceOrientationLandscapeLeft UIInterfaceOrientationLandscapeRight";
				LD_RUNPATH_SEARCH_PATHS = (
					"$(inherited)",
					"@executable_path/Frameworks",
				);
				MARKETING_VERSION = 1.0;
				PRODUCT_BUNDLE_IDENTIFIER = "ca.cgagnier.wled-native";
				PRODUCT_NAME = "$(TARGET_NAME)";
				SWIFT_EMIT_LOC_STRINGS = YES;
				SWIFT_VERSION = 5.0;
				TARGETED_DEVICE_FAMILY = "1,2";
			};
			name = Release;
		};
/* End XCBuildConfiguration section */

/* Begin XCConfigurationList section */
		C9A9E5B82918D1C3005B5C22 /* Build configuration list for PBXProject "wled-native" */ = {
			isa = XCConfigurationList;
			buildConfigurations = (
				C9A9E5CF2918D1C4005B5C22 /* Debug */,
				C9A9E5D02918D1C4005B5C22 /* Release */,
			);
			defaultConfigurationIsVisible = 0;
			defaultConfigurationName = Release;
		};
		C9A9E5D12918D1C4005B5C22 /* Build configuration list for PBXNativeTarget "wled-native" */ = {
			isa = XCConfigurationList;
			buildConfigurations = (
				C9A9E5D22918D1C4005B5C22 /* Debug */,
				C9A9E5D32918D1C4005B5C22 /* Release */,
			);
			defaultConfigurationIsVisible = 0;
			defaultConfigurationName = Release;
		};
/* End XCConfigurationList section */
	};
	rootObject = C9A9E5B52918D1C3005B5C22 /* Project object */;
}
