// !$*UTF8*$!
{
	archiveVersion = 1;
	classes = {
	};
	objectVersion = 56;
	objects = {

/* Begin PBXBuildFile section */
		C93470AC29D904C20085D9D5 /* errorPage.html in Resources */ = {isa = PBXBuildFile; fileRef = C93470AB29D904C20085D9D5 /* errorPage.html */; };
		C93470AE29D905BD0085D9D5 /* 012_rip.png in Resources */ = {isa = PBXBuildFile; fileRef = C93470AD29D905BD0085D9D5 /* 012_rip.png */; };
		C96BF3FD292007F30011BC3B /* DeviceControlCell.swift in Sources */ = {isa = PBXBuildFile; fileRef = C96BF3FC292007F30011BC3B /* DeviceControlCell.swift */; };
		C96BF40029302EE50011BC3B /* CoreData.xcdatamodeld in Sources */ = {isa = PBXBuildFile; fileRef = C96BF3FE29302EE50011BC3B /* CoreData.xcdatamodeld */; };
		C96BF4072930495D0011BC3B /* Device+CoreDataClass.swift in Sources */ = {isa = PBXBuildFile; fileRef = C96BF4052930495D0011BC3B /* Device+CoreDataClass.swift */; };
		C9A9E5C12918D1C3005B5C22 /* AppDelegate.swift in Sources */ = {isa = PBXBuildFile; fileRef = C9A9E5C02918D1C3005B5C22 /* AppDelegate.swift */; };
		C9A9E5C32918D1C3005B5C22 /* SceneDelegate.swift in Sources */ = {isa = PBXBuildFile; fileRef = C9A9E5C22918D1C3005B5C22 /* SceneDelegate.swift */; };
		C9A9E5C52918D1C3005B5C22 /* ViewController.swift in Sources */ = {isa = PBXBuildFile; fileRef = C9A9E5C42918D1C3005B5C22 /* ViewController.swift */; };
		C9A9E5C82918D1C3005B5C22 /* Main.storyboard in Resources */ = {isa = PBXBuildFile; fileRef = C9A9E5C62918D1C3005B5C22 /* Main.storyboard */; };
		C9A9E5CA2918D1C4005B5C22 /* Assets.xcassets in Resources */ = {isa = PBXBuildFile; fileRef = C9A9E5C92918D1C4005B5C22 /* Assets.xcassets */; };
		C9A9E5CD2918D1C4005B5C22 /* LaunchScreen.storyboard in Resources */ = {isa = PBXBuildFile; fileRef = C9A9E5CB2918D1C4005B5C22 /* LaunchScreen.storyboard */; };
		C9A9E5D52918D5DB005B5C22 /* EntryViewController.swift in Sources */ = {isa = PBXBuildFile; fileRef = C9A9E5D42918D5DB005B5C22 /* EntryViewController.swift */; };
		C9A9E5D72918D5FC005B5C22 /* DeviceViewController.swift in Sources */ = {isa = PBXBuildFile; fileRef = C9A9E5D62918D5FC005B5C22 /* DeviceViewController.swift */; };
		C9C4B47F2AC0050500791D20 /* README.md in Resources */ = {isa = PBXBuildFile; fileRef = C9C4B47E2AC0050500791D20 /* README.md */; };
		C9D43A7B29BAE3BA005A71C2 /* Localizable.strings in Resources */ = {isa = PBXBuildFile; fileRef = C9D43A7D29BAE3BA005A71C2 /* Localizable.strings */; };
		C9F82F2229BBD0E100B8A5EE /* InfoPlist.strings in Resources */ = {isa = PBXBuildFile; fileRef = C9F82F2429BBD0E100B8A5EE /* InfoPlist.strings */; };
		C9FCC380293DAF9500DEDDEA /* DeviceApi.swift in Sources */ = {isa = PBXBuildFile; fileRef = C9FCC37F293DAF9500DEDDEA /* DeviceApi.swift */; };
		C9FCC385293DB69F00DEDDEA /* State.swift in Sources */ = {isa = PBXBuildFile; fileRef = C9FCC384293DB69F00DEDDEA /* State.swift */; };
		C9FCC389293DB86900DEDDEA /* FileSystem.swift in Sources */ = {isa = PBXBuildFile; fileRef = C9FCC388293DB86900DEDDEA /* FileSystem.swift */; };
		C9FCC38B293DB8A000DEDDEA /* JsonPost.swift in Sources */ = {isa = PBXBuildFile; fileRef = C9FCC38A293DB8A000DEDDEA /* JsonPost.swift */; };
		C9FCC391293DB95500DEDDEA /* Wifi.swift in Sources */ = {isa = PBXBuildFile; fileRef = C9FCC390293DB95500DEDDEA /* Wifi.swift */; };
		C9FCC393293DB9A500DEDDEA /* Nightlight.swift in Sources */ = {isa = PBXBuildFile; fileRef = C9FCC392293DB9A500DEDDEA /* Nightlight.swift */; };
		C9FCC397293DBD1800DEDDEA /* DeviceStateInfo.swift in Sources */ = {isa = PBXBuildFile; fileRef = C9FCC396293DBD1800DEDDEA /* DeviceStateInfo.swift */; };
		C9FCC3A3293DBD2200DEDDEA /* Info.swift in Sources */ = {isa = PBXBuildFile; fileRef = C9FCC3A0293DBD2200DEDDEA /* Info.swift */; };
		C9FCC3A4293DBD2200DEDDEA /* Leds.swift in Sources */ = {isa = PBXBuildFile; fileRef = C9FCC39C293DBD2200DEDDEA /* Leds.swift */; };
		C9FCC3A5293DBD2200DEDDEA /* Segment.swift in Sources */ = {isa = PBXBuildFile; fileRef = C9FCC398293DBD2200DEDDEA /* Segment.swift */; };
/* End PBXBuildFile section */

/* Begin PBXFileReference section */
		C93470AB29D904C20085D9D5 /* errorPage.html */ = {isa = PBXFileReference; lastKnownFileType = text.html; path = errorPage.html; sourceTree = "<group>"; };
		C93470AD29D905BD0085D9D5 /* 012_rip.png */ = {isa = PBXFileReference; lastKnownFileType = image.png; path = 012_rip.png; sourceTree = "<group>"; };
		C96BF3FC292007F30011BC3B /* DeviceControlCell.swift */ = {isa = PBXFileReference; lastKnownFileType = sourcecode.swift; path = DeviceControlCell.swift; sourceTree = "<group>"; };
		C96BF3FF29302EE50011BC3B /* CoreData.xcdatamodel */ = {isa = PBXFileReference; lastKnownFileType = wrapper.xcdatamodel; path = CoreData.xcdatamodel; sourceTree = "<group>"; };
		C96BF4052930495D0011BC3B /* Device+CoreDataClass.swift */ = {isa = PBXFileReference; lastKnownFileType = sourcecode.swift; path = "Device+CoreDataClass.swift"; sourceTree = "<group>"; };
		C9A9E5BD2918D1C3005B5C22 /* wled-native.app */ = {isa = PBXFileReference; explicitFileType = wrapper.application; includeInIndex = 0; path = "wled-native.app"; sourceTree = BUILT_PRODUCTS_DIR; };
		C9A9E5C02918D1C3005B5C22 /* AppDelegate.swift */ = {isa = PBXFileReference; lastKnownFileType = sourcecode.swift; path = AppDelegate.swift; sourceTree = "<group>"; };
		C9A9E5C22918D1C3005B5C22 /* SceneDelegate.swift */ = {isa = PBXFileReference; lastKnownFileType = sourcecode.swift; path = SceneDelegate.swift; sourceTree = "<group>"; };
		C9A9E5C42918D1C3005B5C22 /* ViewController.swift */ = {isa = PBXFileReference; lastKnownFileType = sourcecode.swift; path = ViewController.swift; sourceTree = "<group>"; };
		C9A9E5C72918D1C3005B5C22 /* Base */ = {isa = PBXFileReference; lastKnownFileType = file.storyboard; name = Base; path = Base.lproj/Main.storyboard; sourceTree = "<group>"; };
		C9A9E5C92918D1C4005B5C22 /* Assets.xcassets */ = {isa = PBXFileReference; lastKnownFileType = folder.assetcatalog; path = Assets.xcassets; sourceTree = "<group>"; };
		C9A9E5CC2918D1C4005B5C22 /* Base */ = {isa = PBXFileReference; lastKnownFileType = file.storyboard; name = Base; path = Base.lproj/LaunchScreen.storyboard; sourceTree = "<group>"; };
		C9A9E5CE2918D1C4005B5C22 /* Info.plist */ = {isa = PBXFileReference; lastKnownFileType = text.plist.xml; path = Info.plist; sourceTree = "<group>"; };
		C9A9E5D42918D5DB005B5C22 /* EntryViewController.swift */ = {isa = PBXFileReference; lastKnownFileType = sourcecode.swift; path = EntryViewController.swift; sourceTree = "<group>"; };
		C9A9E5D62918D5FC005B5C22 /* DeviceViewController.swift */ = {isa = PBXFileReference; lastKnownFileType = sourcecode.swift; path = DeviceViewController.swift; sourceTree = "<group>"; };
		C9C4B47E2AC0050500791D20 /* README.md */ = {isa = PBXFileReference; fileEncoding = 4; lastKnownFileType = net.daringfireball.markdown; path = README.md; sourceTree = SOURCE_ROOT; };
		C9D43A7C29BAE3BA005A71C2 /* en */ = {isa = PBXFileReference; lastKnownFileType = text.plist.strings; name = en; path = en.lproj/Localizable.strings; sourceTree = "<group>"; };
		C9D43A7E29BAE3F8005A71C2 /* fr-CA */ = {isa = PBXFileReference; lastKnownFileType = text.plist.strings; name = "fr-CA"; path = "fr-CA.lproj/Main.strings"; sourceTree = "<group>"; };
		C9D43A8029BAE3F8005A71C2 /* fr-CA */ = {isa = PBXFileReference; lastKnownFileType = text.plist.strings; name = "fr-CA"; path = "fr-CA.lproj/Localizable.strings"; sourceTree = "<group>"; };
		C9F82F2329BBD0E100B8A5EE /* en */ = {isa = PBXFileReference; lastKnownFileType = text.plist.strings; name = en; path = en.lproj/InfoPlist.strings; sourceTree = "<group>"; };
		C9F82F2529BBD0E300B8A5EE /* fr-CA */ = {isa = PBXFileReference; lastKnownFileType = text.plist.strings; name = "fr-CA"; path = "fr-CA.lproj/InfoPlist.strings"; sourceTree = "<group>"; };
		C9FCC37F293DAF9500DEDDEA /* DeviceApi.swift */ = {isa = PBXFileReference; lastKnownFileType = sourcecode.swift; path = DeviceApi.swift; sourceTree = "<group>"; };
		C9FCC384293DB69F00DEDDEA /* State.swift */ = {isa = PBXFileReference; fileEncoding = 4; lastKnownFileType = sourcecode.swift; name = State.swift; path = "wled-native/Model/wledapi/State.swift"; sourceTree = SOURCE_ROOT; };
		C9FCC388293DB86900DEDDEA /* FileSystem.swift */ = {isa = PBXFileReference; fileEncoding = 4; lastKnownFileType = sourcecode.swift; name = FileSystem.swift; path = "wled-native/Model/wledapi/FileSystem.swift"; sourceTree = SOURCE_ROOT; };
		C9FCC38A293DB8A000DEDDEA /* JsonPost.swift */ = {isa = PBXFileReference; fileEncoding = 4; lastKnownFileType = sourcecode.swift; name = JsonPost.swift; path = "wled-native/Model/wledapi/JsonPost.swift"; sourceTree = SOURCE_ROOT; };
		C9FCC390293DB95500DEDDEA /* Wifi.swift */ = {isa = PBXFileReference; fileEncoding = 4; lastKnownFileType = sourcecode.swift; name = Wifi.swift; path = "wled-native/Model/wledapi/Wifi.swift"; sourceTree = SOURCE_ROOT; };
		C9FCC392293DB9A500DEDDEA /* Nightlight.swift */ = {isa = PBXFileReference; fileEncoding = 4; lastKnownFileType = sourcecode.swift; name = Nightlight.swift; path = "wled-native/Model/wledapi/Nightlight.swift"; sourceTree = SOURCE_ROOT; };
		C9FCC396293DBD1800DEDDEA /* DeviceStateInfo.swift */ = {isa = PBXFileReference; lastKnownFileType = sourcecode.swift; path = DeviceStateInfo.swift; sourceTree = "<group>"; };
		C9FCC398293DBD2200DEDDEA /* Segment.swift */ = {isa = PBXFileReference; lastKnownFileType = sourcecode.swift; path = Segment.swift; sourceTree = "<group>"; };
		C9FCC39C293DBD2200DEDDEA /* Leds.swift */ = {isa = PBXFileReference; lastKnownFileType = sourcecode.swift; path = Leds.swift; sourceTree = "<group>"; };
		C9FCC3A0293DBD2200DEDDEA /* Info.swift */ = {isa = PBXFileReference; lastKnownFileType = sourcecode.swift; path = Info.swift; sourceTree = "<group>"; };
/* End PBXFileReference section */

/* Begin PBXFrameworksBuildPhase section */
		C9A9E5BA2918D1C3005B5C22 /* Frameworks */ = {
			isa = PBXFrameworksBuildPhase;
			buildActionMask = 2147483647;
			files = (
			);
			runOnlyForDeploymentPostprocessing = 0;
		};
/* End PBXFrameworksBuildPhase section */

/* Begin PBXGroup section */
		C96BF3F7291FFDC90011BC3B /* Model */ = {
			isa = PBXGroup;
			children = (
				C9FCC381293DB18100DEDDEA /* wledapi */,
				C96BF4052930495D0011BC3B /* Device+CoreDataClass.swift */,
			);
			path = Model;
			sourceTree = "<group>";
		};
		C9A9E5B42918D1C3005B5C22 = {
			isa = PBXGroup;
			children = (
				C9A9E5BF2918D1C3005B5C22 /* wled-native */,
				C9A9E5BE2918D1C3005B5C22 /* Products */,
			);
			sourceTree = "<group>";
		};
		C9A9E5BE2918D1C3005B5C22 /* Products */ = {
			isa = PBXGroup;
			children = (
				C9A9E5BD2918D1C3005B5C22 /* wled-native.app */,
			);
			name = Products;
			sourceTree = "<group>";
		};
		C9A9E5BF2918D1C3005B5C22 /* wled-native */ = {
			isa = PBXGroup;
			children = (
				C9FCC37E293DAF8300DEDDEA /* Service */,
				C96BF3F7291FFDC90011BC3B /* Model */,
				C9A9E5C02918D1C3005B5C22 /* AppDelegate.swift */,
				C9A9E5C22918D1C3005B5C22 /* SceneDelegate.swift */,
				C9A9E5C42918D1C3005B5C22 /* ViewController.swift */,
				C9A9E5C62918D1C3005B5C22 /* Main.storyboard */,
				C9A9E5C92918D1C4005B5C22 /* Assets.xcassets */,
				C9A9E5CB2918D1C4005B5C22 /* LaunchScreen.storyboard */,
				C9A9E5D42918D5DB005B5C22 /* EntryViewController.swift */,
				C9A9E5D62918D5FC005B5C22 /* DeviceViewController.swift */,
				C96BF3FC292007F30011BC3B /* DeviceControlCell.swift */,
				C96BF3FE29302EE50011BC3B /* CoreData.xcdatamodeld */,
				C9D43A7D29BAE3BA005A71C2 /* Localizable.strings */,
				C9F82F2429BBD0E100B8A5EE /* InfoPlist.strings */,
				C93470AD29D905BD0085D9D5 /* 012_rip.png */,
				C93470AB29D904C20085D9D5 /* errorPage.html */,
				C9A9E5CE2918D1C4005B5C22 /* Info.plist */,
				C9C4B47E2AC0050500791D20 /* README.md */,
			);
			path = "wled-native";
			sourceTree = "<group>";
		};
		C9FCC37E293DAF8300DEDDEA /* Service */ = {
			isa = PBXGroup;
			children = (
				C9FCC37F293DAF9500DEDDEA /* DeviceApi.swift */,
			);
			path = Service;
			sourceTree = "<group>";
		};
		C9FCC381293DB18100DEDDEA /* wledapi */ = {
			isa = PBXGroup;
			children = (
				C9FCC396293DBD1800DEDDEA /* DeviceStateInfo.swift */,
				C9FCC388293DB86900DEDDEA /* FileSystem.swift */,
				C9FCC3A0293DBD2200DEDDEA /* Info.swift */,
				C9FCC38A293DB8A000DEDDEA /* JsonPost.swift */,
				C9FCC39C293DBD2200DEDDEA /* Leds.swift */,
				C9FCC392293DB9A500DEDDEA /* Nightlight.swift */,
				C9FCC398293DBD2200DEDDEA /* Segment.swift */,
				C9FCC384293DB69F00DEDDEA /* State.swift */,
				C9FCC390293DB95500DEDDEA /* Wifi.swift */,
			);
			path = wledapi;
			sourceTree = "<group>";
		};
/* End PBXGroup section */

/* Begin PBXNativeTarget section */
		C9A9E5BC2918D1C3005B5C22 /* wled-native */ = {
			isa = PBXNativeTarget;
			buildConfigurationList = C9A9E5D12918D1C4005B5C22 /* Build configuration list for PBXNativeTarget "wled-native" */;
			buildPhases = (
				C9A9E5B92918D1C3005B5C22 /* Sources */,
				C9A9E5BA2918D1C3005B5C22 /* Frameworks */,
				C9A9E5BB2918D1C3005B5C22 /* Resources */,
			);
			buildRules = (
			);
			dependencies = (
			);
			name = "wled-native";
			productName = "wled-native";
			productReference = C9A9E5BD2918D1C3005B5C22 /* wled-native.app */;
			productType = "com.apple.product-type.application";
		};
/* End PBXNativeTarget section */

/* Begin PBXProject section */
		C9A9E5B52918D1C3005B5C22 /* Project object */ = {
			isa = PBXProject;
			attributes = {
				BuildIndependentTargetsInParallel = 1;
				LastSwiftUpdateCheck = 1410;
				LastUpgradeCheck = 1500;
				TargetAttributes = {
					C9A9E5BC2918D1C3005B5C22 = {
						CreatedOnToolsVersion = 14.1;
					};
				};
			};
			buildConfigurationList = C9A9E5B82918D1C3005B5C22 /* Build configuration list for PBXProject "wled-native" */;
			compatibilityVersion = "Xcode 14.0";
			developmentRegion = en;
			hasScannedForEncodings = 0;
			knownRegions = (
				en,
				Base,
				"fr-CA",
			);
			mainGroup = C9A9E5B42918D1C3005B5C22;
			productRefGroup = C9A9E5BE2918D1C3005B5C22 /* Products */;
			projectDirPath = "";
			projectRoot = "";
			targets = (
				C9A9E5BC2918D1C3005B5C22 /* wled-native */,
			);
		};
/* End PBXProject section */

/* Begin PBXResourcesBuildPhase section */
		C9A9E5BB2918D1C3005B5C22 /* Resources */ = {
			isa = PBXResourcesBuildPhase;
			buildActionMask = 2147483647;
			files = (
				C93470AC29D904C20085D9D5 /* errorPage.html in Resources */,
				C9A9E5CD2918D1C4005B5C22 /* LaunchScreen.storyboard in Resources */,
				C9D43A7B29BAE3BA005A71C2 /* Localizable.strings in Resources */,
				C93470AE29D905BD0085D9D5 /* 012_rip.png in Resources */,
				C9A9E5CA2918D1C4005B5C22 /* Assets.xcassets in Resources */,
				C9A9E5C82918D1C3005B5C22 /* Main.storyboard in Resources */,
				C9C4B47F2AC0050500791D20 /* README.md in Resources */,
				C9F82F2229BBD0E100B8A5EE /* InfoPlist.strings in Resources */,
			);
			runOnlyForDeploymentPostprocessing = 0;
		};
/* End PBXResourcesBuildPhase section */

/* Begin PBXSourcesBuildPhase section */
		C9A9E5B92918D1C3005B5C22 /* Sources */ = {
			isa = PBXSourcesBuildPhase;
			buildActionMask = 2147483647;
			files = (
				C96BF40029302EE50011BC3B /* CoreData.xcdatamodeld in Sources */,
				C9FCC389293DB86900DEDDEA /* FileSystem.swift in Sources */,
				C9FCC391293DB95500DEDDEA /* Wifi.swift in Sources */,
				C96BF4072930495D0011BC3B /* Device+CoreDataClass.swift in Sources */,
				C9FCC385293DB69F00DEDDEA /* State.swift in Sources */,
				C9FCC3A4293DBD2200DEDDEA /* Leds.swift in Sources */,
				C9FCC38B293DB8A000DEDDEA /* JsonPost.swift in Sources */,
				C9A9E5C52918D1C3005B5C22 /* ViewController.swift in Sources */,
				C96BF3FD292007F30011BC3B /* DeviceControlCell.swift in Sources */,
				C9A9E5D52918D5DB005B5C22 /* EntryViewController.swift in Sources */,
				C9FCC393293DB9A500DEDDEA /* Nightlight.swift in Sources */,
				C9FCC380293DAF9500DEDDEA /* DeviceApi.swift in Sources */,
				C9A9E5D72918D5FC005B5C22 /* DeviceViewController.swift in Sources */,
				C9FCC397293DBD1800DEDDEA /* DeviceStateInfo.swift in Sources */,
				C9FCC3A5293DBD2200DEDDEA /* Segment.swift in Sources */,
				C9A9E5C12918D1C3005B5C22 /* AppDelegate.swift in Sources */,
				C9A9E5C32918D1C3005B5C22 /* SceneDelegate.swift in Sources */,
				C9FCC3A3293DBD2200DEDDEA /* Info.swift in Sources */,
			);
			runOnlyForDeploymentPostprocessing = 0;
		};
/* End PBXSourcesBuildPhase section */

/* Begin PBXVariantGroup section */
		C9A9E5C62918D1C3005B5C22 /* Main.storyboard */ = {
			isa = PBXVariantGroup;
			children = (
				C9A9E5C72918D1C3005B5C22 /* Base */,
				C9D43A7E29BAE3F8005A71C2 /* fr-CA */,
			);
			name = Main.storyboard;
			sourceTree = "<group>";
		};
		C9A9E5CB2918D1C4005B5C22 /* LaunchScreen.storyboard */ = {
			isa = PBXVariantGroup;
			children = (
				C9A9E5CC2918D1C4005B5C22 /* Base */,
			);
			name = LaunchScreen.storyboard;
			sourceTree = "<group>";
		};
		C9D43A7D29BAE3BA005A71C2 /* Localizable.strings */ = {
			isa = PBXVariantGroup;
			children = (
				C9D43A7C29BAE3BA005A71C2 /* en */,
				C9D43A8029BAE3F8005A71C2 /* fr-CA */,
			);
			name = Localizable.strings;
			sourceTree = "<group>";
		};
		C9F82F2429BBD0E100B8A5EE /* InfoPlist.strings */ = {
			isa = PBXVariantGroup;
			children = (
				C9F82F2329BBD0E100B8A5EE /* en */,
				C9F82F2529BBD0E300B8A5EE /* fr-CA */,
			);
			name = InfoPlist.strings;
			sourceTree = "<group>";
		};
/* End PBXVariantGroup section */

/* Begin XCBuildConfiguration section */
		C9A9E5CF2918D1C4005B5C22 /* Debug */ = {
			isa = XCBuildConfiguration;
			buildSettings = {
				ALWAYS_SEARCH_USER_PATHS = NO;
				CLANG_ANALYZER_LOCALIZABILITY_NONLOCALIZED = YES;
				CLANG_ANALYZER_NONNULL = YES;
				CLANG_ANALYZER_NUMBER_OBJECT_CONVERSION = YES_AGGRESSIVE;
				CLANG_CXX_LANGUAGE_STANDARD = "gnu++20";
				CLANG_ENABLE_MODULES = YES;
				CLANG_ENABLE_OBJC_ARC = YES;
				CLANG_ENABLE_OBJC_WEAK = YES;
				CLANG_WARN_BLOCK_CAPTURE_AUTORELEASING = YES;
				CLANG_WARN_BOOL_CONVERSION = YES;
				CLANG_WARN_COMMA = YES;
				CLANG_WARN_CONSTANT_CONVERSION = YES;
				CLANG_WARN_DEPRECATED_OBJC_IMPLEMENTATIONS = YES;
				CLANG_WARN_DIRECT_OBJC_ISA_USAGE = YES_ERROR;
				CLANG_WARN_DOCUMENTATION_COMMENTS = YES;
				CLANG_WARN_EMPTY_BODY = YES;
				CLANG_WARN_ENUM_CONVERSION = YES;
				CLANG_WARN_INFINITE_RECURSION = YES;
				CLANG_WARN_INT_CONVERSION = YES;
				CLANG_WARN_NON_LITERAL_NULL_CONVERSION = YES;
				CLANG_WARN_OBJC_IMPLICIT_RETAIN_SELF = YES;
				CLANG_WARN_OBJC_LITERAL_CONVERSION = YES;
				CLANG_WARN_OBJC_ROOT_CLASS = YES_ERROR;
				CLANG_WARN_QUOTED_INCLUDE_IN_FRAMEWORK_HEADER = YES;
				CLANG_WARN_RANGE_LOOP_ANALYSIS = YES;
				CLANG_WARN_STRICT_PROTOTYPES = YES;
				CLANG_WARN_SUSPICIOUS_MOVE = YES;
				CLANG_WARN_UNGUARDED_AVAILABILITY = YES_AGGRESSIVE;
				CLANG_WARN_UNREACHABLE_CODE = YES;
				CLANG_WARN__DUPLICATE_METHOD_MATCH = YES;
				COPY_PHASE_STRIP = NO;
				DEBUG_INFORMATION_FORMAT = dwarf;
				ENABLE_STRICT_OBJC_MSGSEND = YES;
				ENABLE_TESTABILITY = YES;
				ENABLE_USER_SCRIPT_SANDBOXING = YES;
				GCC_C_LANGUAGE_STANDARD = gnu11;
				GCC_DYNAMIC_NO_PIC = NO;
				GCC_NO_COMMON_BLOCKS = YES;
				GCC_OPTIMIZATION_LEVEL = 0;
				GCC_PREPROCESSOR_DEFINITIONS = (
					"DEBUG=1",
					"$(inherited)",
				);
				GCC_WARN_64_TO_32_BIT_CONVERSION = YES;
				GCC_WARN_ABOUT_RETURN_TYPE = YES_ERROR;
				GCC_WARN_UNDECLARED_SELECTOR = YES;
				GCC_WARN_UNINITIALIZED_AUTOS = YES_AGGRESSIVE;
				GCC_WARN_UNUSED_FUNCTION = YES;
				GCC_WARN_UNUSED_VARIABLE = YES;
				IPHONEOS_DEPLOYMENT_TARGET = 16.1;
				MTL_ENABLE_DEBUG_INFO = INCLUDE_SOURCE;
				MTL_FAST_MATH = YES;
				ONLY_ACTIVE_ARCH = YES;
				SDKROOT = iphoneos;
				SWIFT_ACTIVE_COMPILATION_CONDITIONS = DEBUG;
				SWIFT_OPTIMIZATION_LEVEL = "-Onone";
			};
			name = Debug;
		};
		C9A9E5D02918D1C4005B5C22 /* Release */ = {
			isa = XCBuildConfiguration;
			buildSettings = {
				ALWAYS_SEARCH_USER_PATHS = NO;
				CLANG_ANALYZER_LOCALIZABILITY_NONLOCALIZED = YES;
				CLANG_ANALYZER_NONNULL = YES;
				CLANG_ANALYZER_NUMBER_OBJECT_CONVERSION = YES_AGGRESSIVE;
				CLANG_CXX_LANGUAGE_STANDARD = "gnu++20";
				CLANG_ENABLE_MODULES = YES;
				CLANG_ENABLE_OBJC_ARC = YES;
				CLANG_ENABLE_OBJC_WEAK = YES;
				CLANG_WARN_BLOCK_CAPTURE_AUTORELEASING = YES;
				CLANG_WARN_BOOL_CONVERSION = YES;
				CLANG_WARN_COMMA = YES;
				CLANG_WARN_CONSTANT_CONVERSION = YES;
				CLANG_WARN_DEPRECATED_OBJC_IMPLEMENTATIONS = YES;
				CLANG_WARN_DIRECT_OBJC_ISA_USAGE = YES_ERROR;
				CLANG_WARN_DOCUMENTATION_COMMENTS = YES;
				CLANG_WARN_EMPTY_BODY = YES;
				CLANG_WARN_ENUM_CONVERSION = YES;
				CLANG_WARN_INFINITE_RECURSION = YES;
				CLANG_WARN_INT_CONVERSION = YES;
				CLANG_WARN_NON_LITERAL_NULL_CONVERSION = YES;
				CLANG_WARN_OBJC_IMPLICIT_RETAIN_SELF = YES;
				CLANG_WARN_OBJC_LITERAL_CONVERSION = YES;
				CLANG_WARN_OBJC_ROOT_CLASS = YES_ERROR;
				CLANG_WARN_QUOTED_INCLUDE_IN_FRAMEWORK_HEADER = YES;
				CLANG_WARN_RANGE_LOOP_ANALYSIS = YES;
				CLANG_WARN_STRICT_PROTOTYPES = YES;
				CLANG_WARN_SUSPICIOUS_MOVE = YES;
				CLANG_WARN_UNGUARDED_AVAILABILITY = YES_AGGRESSIVE;
				CLANG_WARN_UNREACHABLE_CODE = YES;
				CLANG_WARN__DUPLICATE_METHOD_MATCH = YES;
				COPY_PHASE_STRIP = NO;
				DEBUG_INFORMATION_FORMAT = "dwarf-with-dsym";
				ENABLE_NS_ASSERTIONS = NO;
				ENABLE_STRICT_OBJC_MSGSEND = YES;
				ENABLE_USER_SCRIPT_SANDBOXING = YES;
				GCC_C_LANGUAGE_STANDARD = gnu11;
				GCC_NO_COMMON_BLOCKS = YES;
				GCC_WARN_64_TO_32_BIT_CONVERSION = YES;
				GCC_WARN_ABOUT_RETURN_TYPE = YES_ERROR;
				GCC_WARN_UNDECLARED_SELECTOR = YES;
				GCC_WARN_UNINITIALIZED_AUTOS = YES_AGGRESSIVE;
				GCC_WARN_UNUSED_FUNCTION = YES;
				GCC_WARN_UNUSED_VARIABLE = YES;
				IPHONEOS_DEPLOYMENT_TARGET = 16.1;
				MTL_ENABLE_DEBUG_INFO = NO;
				MTL_FAST_MATH = YES;
				SDKROOT = iphoneos;
				SWIFT_COMPILATION_MODE = wholemodule;
				SWIFT_OPTIMIZATION_LEVEL = "-O";
				VALIDATE_PRODUCT = YES;
			};
			name = Release;
		};
		C9A9E5D22918D1C4005B5C22 /* Debug */ = {
			isa = XCBuildConfiguration;
			buildSettings = {
				ASSETCATALOG_COMPILER_APPICON_NAME = AppIcon;
				ASSETCATALOG_COMPILER_GLOBAL_ACCENT_COLOR_NAME = AccentColor;
				CODE_SIGN_STYLE = Automatic;
				CURRENT_PROJECT_VERSION = 1;
				DEVELOPMENT_TEAM = RWLNCUSDCJ;
				GENERATE_INFOPLIST_FILE = YES;
				INFOPLIST_FILE = "wled-native/Info.plist";
				INFOPLIST_KEY_LSApplicationCategoryType = "public.app-category.utilities";
				INFOPLIST_KEY_NSLocalNetworkUsageDescription = "WLED uses the local network to connect to WLED devices around you.";
				INFOPLIST_KEY_UIApplicationSupportsIndirectInputEvents = YES;
				INFOPLIST_KEY_UILaunchStoryboardName = LaunchScreen;
				INFOPLIST_KEY_UIMainStoryboardFile = Main;
				INFOPLIST_KEY_UISupportedInterfaceOrientations_iPad = "UIInterfaceOrientationPortrait UIInterfaceOrientationPortraitUpsideDown UIInterfaceOrientationLandscapeLeft UIInterfaceOrientationLandscapeRight";
				INFOPLIST_KEY_UISupportedInterfaceOrientations_iPhone = "UIInterfaceOrientationPortrait UIInterfaceOrientationLandscapeLeft UIInterfaceOrientationLandscapeRight";
				IPHONEOS_DEPLOYMENT_TARGET = 15.0;
				LD_RUNPATH_SEARCH_PATHS = (
					"$(inherited)",
					"@executable_path/Frameworks",
				);
				MARKETING_VERSION = 3.0;
				PRODUCT_BUNDLE_IDENTIFIER = "ca.cgagnier.wled-native";
				PRODUCT_NAME = "$(TARGET_NAME)";
				PROVISIONING_PROFILE_SPECIFIER = "";
				SWIFT_EMIT_LOC_STRINGS = YES;
				SWIFT_VERSION = 5.0;
				TARGETED_DEVICE_FAMILY = "1,2";
			};
			name = Debug;
		};
		C9A9E5D32918D1C4005B5C22 /* Release */ = {
			isa = XCBuildConfiguration;
			buildSettings = {
				ASSETCATALOG_COMPILER_APPICON_NAME = AppIcon;
				ASSETCATALOG_COMPILER_GLOBAL_ACCENT_COLOR_NAME = AccentColor;
				CODE_SIGN_STYLE = Automatic;
				CURRENT_PROJECT_VERSION = 1;
				DEVELOPMENT_TEAM = RWLNCUSDCJ;
				GENERATE_INFOPLIST_FILE = YES;
				INFOPLIST_FILE = "wled-native/Info.plist";
				INFOPLIST_KEY_LSApplicationCategoryType = "public.app-category.utilities";
				INFOPLIST_KEY_NSLocalNetworkUsageDescription = "WLED uses the local network to connect to WLED devices around you.";
				INFOPLIST_KEY_UIApplicationSupportsIndirectInputEvents = YES;
				INFOPLIST_KEY_UILaunchStoryboardName = LaunchScreen;
				INFOPLIST_KEY_UIMainStoryboardFile = Main;
				INFOPLIST_KEY_UISupportedInterfaceOrientations_iPad = "UIInterfaceOrientationPortrait UIInterfaceOrientationPortraitUpsideDown UIInterfaceOrientationLandscapeLeft UIInterfaceOrientationLandscapeRight";
				INFOPLIST_KEY_UISupportedInterfaceOrientations_iPhone = "UIInterfaceOrientationPortrait UIInterfaceOrientationLandscapeLeft UIInterfaceOrientationLandscapeRight";
				IPHONEOS_DEPLOYMENT_TARGET = 15.0;
				LD_RUNPATH_SEARCH_PATHS = (
					"$(inherited)",
					"@executable_path/Frameworks",
				);
				MARKETING_VERSION = 3.0;
				PRODUCT_BUNDLE_IDENTIFIER = "ca.cgagnier.wled-native";
				PRODUCT_NAME = "$(TARGET_NAME)";
				PROVISIONING_PROFILE_SPECIFIER = "";
				SWIFT_EMIT_LOC_STRINGS = YES;
				SWIFT_VERSION = 5.0;
				TARGETED_DEVICE_FAMILY = "1,2";
			};
			name = Release;
		};
/* End XCBuildConfiguration section */

/* Begin XCConfigurationList section */
		C9A9E5B82918D1C3005B5C22 /* Build configuration list for PBXProject "wled-native" */ = {
			isa = XCConfigurationList;
			buildConfigurations = (
				C9A9E5CF2918D1C4005B5C22 /* Debug */,
				C9A9E5D02918D1C4005B5C22 /* Release */,
			);
			defaultConfigurationIsVisible = 0;
			defaultConfigurationName = Release;
		};
		C9A9E5D12918D1C4005B5C22 /* Build configuration list for PBXNativeTarget "wled-native" */ = {
			isa = XCConfigurationList;
			buildConfigurations = (
				C9A9E5D22918D1C4005B5C22 /* Debug */,
				C9A9E5D32918D1C4005B5C22 /* Release */,
			);
			defaultConfigurationIsVisible = 0;
			defaultConfigurationName = Release;
		};
/* End XCConfigurationList section */

/* Begin XCVersionGroup section */
		C96BF3FE29302EE50011BC3B /* CoreData.xcdatamodeld */ = {
			isa = XCVersionGroup;
			children = (
				C96BF3FF29302EE50011BC3B /* CoreData.xcdatamodel */,
			);
			currentVersion = C96BF3FF29302EE50011BC3B /* CoreData.xcdatamodel */;
			path = CoreData.xcdatamodeld;
			sourceTree = "<group>";
			versionGroupType = wrapper.xcdatamodel;
		};
/* End XCVersionGroup section */
	};
	rootObject = C9A9E5B52918D1C3005B5C22 /* Project object */;
}
