// !$*UTF8*$!
{
	archiveVersion = 1;
	classes = {
	};
	objectVersion = 70;
	objects = {

/* Begin PBXBuildFile section */
		C90656202BBA5B9500D4ADAF /* PrivacyInfo.xcprivacy in Resources */ = {isa = PBXBuildFile; fileRef = C906561F2BBA5B9500D4ADAF /* PrivacyInfo.xcprivacy */; };
		C93470AC29D904C20085D9D5 /* errorPage.en.html in Resources */ = {isa = PBXBuildFile; fileRef = C93470AB29D904C20085D9D5 /* errorPage.en.html */; };
		C93470AE29D905BD0085D9D5 /* 012_rip.png in Resources */ = {isa = PBXBuildFile; fileRef = C93470AD29D905BD0085D9D5 /* 012_rip.png */; };
		C946FB832B68C3B700D5B00D /* WLEDRequestManager.swift in Sources */ = {isa = PBXBuildFile; fileRef = C946FB822B68C3B700D5B00D /* WLEDRequestManager.swift */; };
		C946FB862B68C53600D5B00D /* Collections in Frameworks */ = {isa = PBXBuildFile; productRef = C946FB852B68C53600D5B00D /* Collections */; };
		C946FB882B68C53600D5B00D /* DequeModule in Frameworks */ = {isa = PBXBuildFile; productRef = C946FB872B68C53600D5B00D /* DequeModule */; };
		C946FB8A2B68C53600D5B00D /* OrderedCollections in Frameworks */ = {isa = PBXBuildFile; productRef = C946FB892B68C53600D5B00D /* OrderedCollections */; };
		C946FB8E2B6C8E8800D5B00D /* WLEDRequest.swift in Sources */ = {isa = PBXBuildFile; fileRef = C946FB8D2B6C8E8800D5B00D /* WLEDRequest.swift */; };
		C946FB902B6C92C400D5B00D /* WLEDRefreshRequest.swift in Sources */ = {isa = PBXBuildFile; fileRef = C946FB8F2B6C92C400D5B00D /* WLEDRefreshRequest.swift */; };
		C946FB942B6C93F000D5B00D /* WLEDRequestHandler.swift in Sources */ = {isa = PBXBuildFile; fileRef = C946FB932B6C93F000D5B00D /* WLEDRequestHandler.swift */; };
		C946FB962B6C950200D5B00D /* WLEDJsonApiHandler.swift in Sources */ = {isa = PBXBuildFile; fileRef = C946FB952B6C950200D5B00D /* WLEDJsonApiHandler.swift */; };
		C946FB982B6C953F00D5B00D /* WLEDWebsocketHandler.swift in Sources */ = {isa = PBXBuildFile; fileRef = C946FB972B6C953F00D5B00D /* WLEDWebsocketHandler.swift */; };
		C946FB9A2B6CA10600D5B00D /* DeviceExtensions.swift in Sources */ = {isa = PBXBuildFile; fileRef = C946FB992B6CA10600D5B00D /* DeviceExtensions.swift */; };
		C946FB9C2B6E032800D5B00D /* WLEDChangeStateRequest.swift in Sources */ = {isa = PBXBuildFile; fileRef = C946FB9B2B6E032800D5B00D /* WLEDChangeStateRequest.swift */; };
		C946FBA22B702F8B00D5B00D /* WLEDSoftwareUpdateRequest.swift in Sources */ = {isa = PBXBuildFile; fileRef = C946FBA12B702F8B00D5B00D /* WLEDSoftwareUpdateRequest.swift */; };
		C948F4952B3D1C480092C4B1 /* DeviceUpdateDetails.swift in Sources */ = {isa = PBXBuildFile; fileRef = C948F4942B3D1C480092C4B1 /* DeviceUpdateDetails.swift */; };
		C948F49A2B3E2B590092C4B1 /* DeviceUpdateInstalling.swift in Sources */ = {isa = PBXBuildFile; fileRef = C948F4992B3E2B590092C4B1 /* DeviceUpdateInstalling.swift */; };
		C95B4A832B3E3F540081F4C5 /* BackgroundBlurView.swift in Sources */ = {isa = PBXBuildFile; fileRef = C95B4A822B3E3F540081F4C5 /* BackgroundBlurView.swift */; };
		C96440E22AEF6B6000C51204 /* Persistence.swift in Sources */ = {isa = PBXBuildFile; fileRef = C96440E12AEF6B6000C51204 /* Persistence.swift */; };
		C96440E82AF095B500C51204 /* DeviceListItemView.swift in Sources */ = {isa = PBXBuildFile; fileRef = C96440E72AF095B500C51204 /* DeviceListItemView.swift */; };
		C96827212B01AF5900A5DDEC /* errorPage.css in Resources */ = {isa = PBXBuildFile; fileRef = C96827202B01AF5900A5DDEC /* errorPage.css */; };
		C96827232B01AFB900A5DDEC /* errorPage.fr.html in Resources */ = {isa = PBXBuildFile; fileRef = C96827222B01AFB900A5DDEC /* errorPage.fr.html */; };
		C9767DDE2AF9F435002F3EA9 /* DeviceAddView.swift in Sources */ = {isa = PBXBuildFile; fileRef = C9767DDD2AF9F435002F3EA9 /* DeviceAddView.swift */; };
		C9767DE02AFA04E0002F3EA9 /* DeviceEditView.swift in Sources */ = {isa = PBXBuildFile; fileRef = C9767DDF2AFA04E0002F3EA9 /* DeviceEditView.swift */; };
		C9767DE32AFAE65C002F3EA9 /* FetchedObjects.swift in Sources */ = {isa = PBXBuildFile; fileRef = C9767DE22AFAE65C002F3EA9 /* FetchedObjects.swift */; };
		C97CD4982B25000300420E93 /* wled_native_data.xcdatamodeld in Sources */ = {isa = PBXBuildFile; fileRef = C97CD4962B25000300420E93 /* wled_native_data.xcdatamodeld */; };
		C97CD49A2B2519BC00420E93 /* Branch.swift in Sources */ = {isa = PBXBuildFile; fileRef = C97CD4992B2519BC00420E93 /* Branch.swift */; };
		C97CD49D2B269F3000420E93 /* GithubAsset.swift in Sources */ = {isa = PBXBuildFile; fileRef = C97CD49C2B269F3000420E93 /* GithubAsset.swift */; };
		C97CD49F2B269F6800420E93 /* Author.swift in Sources */ = {isa = PBXBuildFile; fileRef = C97CD49E2B269F6800420E93 /* Author.swift */; };
		C97CD4A12B269F8B00420E93 /* Reactions.swift in Sources */ = {isa = PBXBuildFile; fileRef = C97CD4A02B269F8B00420E93 /* Reactions.swift */; };
		C97CD4A32B269F9400420E93 /* Release.swift in Sources */ = {isa = PBXBuildFile; fileRef = C97CD4A22B269F9400420E93 /* Release.swift */; };
		C97CD4A52B269FA400420E93 /* Uploader.swift in Sources */ = {isa = PBXBuildFile; fileRef = C97CD4A42B269FA400420E93 /* Uploader.swift */; };
		C97CD4A72B30107800420E93 /* GithubApi.swift in Sources */ = {isa = PBXBuildFile; fileRef = C97CD4A62B30107800420E93 /* GithubApi.swift */; };
		C97CD4A92B30165900420E93 /* WLEDRepoApi.swift in Sources */ = {isa = PBXBuildFile; fileRef = C97CD4A82B30165900420E93 /* WLEDRepoApi.swift */; };
		C97CD4AB2B30175400420E93 /* ReleaseService.swift in Sources */ = {isa = PBXBuildFile; fileRef = C97CD4AA2B30175400420E93 /* ReleaseService.swift */; };
		C9865AF62AEF1902000B2714 /* DeviceListView.swift in Sources */ = {isa = PBXBuildFile; fileRef = C9865AF52AEF1902000B2714 /* DeviceListView.swift */; };
		C99BAC2E2B735875009BC476 /* ToolbarBadge.swift in Sources */ = {isa = PBXBuildFile; fileRef = C99BAC2D2B735875009BC476 /* ToolbarBadge.swift */; };
		C99BEF552AF49513001AD80A /* DiscoveryService.swift in Sources */ = {isa = PBXBuildFile; fileRef = C99BEF542AF49513001AD80A /* DiscoveryService.swift */; };
		C99BEF572AF8B926001AD80A /* DeviceView.swift in Sources */ = {isa = PBXBuildFile; fileRef = C99BEF562AF8B926001AD80A /* DeviceView.swift */; };
		C99BEF592AF8BA79001AD80A /* WebView.swift in Sources */ = {isa = PBXBuildFile; fileRef = C99BEF582AF8BA79001AD80A /* WebView.swift */; };
		C9A9E5C12918D1C3005B5C22 /* WLEDNativeApp.swift in Sources */ = {isa = PBXBuildFile; fileRef = C9A9E5C02918D1C3005B5C22 /* WLEDNativeApp.swift */; };
		C9A9E5CA2918D1C4005B5C22 /* Assets.xcassets in Resources */ = {isa = PBXBuildFile; fileRef = C9A9E5C92918D1C4005B5C22 /* Assets.xcassets */; };
		C9AF215B2AFDCF7500E03749 /* Launch Screen.storyboard in Resources */ = {isa = PBXBuildFile; fileRef = C9AF215A2AFDCF7500E03749 /* Launch Screen.storyboard */; };
		C9B9FB3E2B3FB7280003E6F9 /* DeviceUpdateService.swift in Sources */ = {isa = PBXBuildFile; fileRef = C9B9FB3D2B3FB7280003E6F9 /* DeviceUpdateService.swift */; };
		C9C4B47F2AC0050500791D20 /* README.md in Resources */ = {isa = PBXBuildFile; fileRef = C9C4B47E2AC0050500791D20 /* README.md */; };
		C9D43A7B29BAE3BA005A71C2 /* Localizable.strings in Resources */ = {isa = PBXBuildFile; fileRef = C9D43A7D29BAE3BA005A71C2 /* Localizable.strings */; };
		C9F82F2229BBD0E100B8A5EE /* InfoPlist.strings in Resources */ = {isa = PBXBuildFile; fileRef = C9F82F2429BBD0E100B8A5EE /* InfoPlist.strings */; };
		C9FCC385293DB69F00DEDDEA /* WledState.swift in Sources */ = {isa = PBXBuildFile; fileRef = C9FCC384293DB69F00DEDDEA /* WledState.swift */; };
		C9FCC389293DB86900DEDDEA /* FileSystem.swift in Sources */ = {isa = PBXBuildFile; fileRef = C9FCC388293DB86900DEDDEA /* FileSystem.swift */; };
		C9FCC38B293DB8A000DEDDEA /* WLEDRequestState.swift in Sources */ = {isa = PBXBuildFile; fileRef = C9FCC38A293DB8A000DEDDEA /* WLEDRequestState.swift */; };
		C9FCC391293DB95500DEDDEA /* Wifi.swift in Sources */ = {isa = PBXBuildFile; fileRef = C9FCC390293DB95500DEDDEA /* Wifi.swift */; };
		C9FCC393293DB9A500DEDDEA /* Nightlight.swift in Sources */ = {isa = PBXBuildFile; fileRef = C9FCC392293DB9A500DEDDEA /* Nightlight.swift */; };
		C9FCC397293DBD1800DEDDEA /* DeviceStateInfo.swift in Sources */ = {isa = PBXBuildFile; fileRef = C9FCC396293DBD1800DEDDEA /* DeviceStateInfo.swift */; };
		C9FCC3A3293DBD2200DEDDEA /* Info.swift in Sources */ = {isa = PBXBuildFile; fileRef = C9FCC3A0293DBD2200DEDDEA /* Info.swift */; };
		C9FCC3A4293DBD2200DEDDEA /* Leds.swift in Sources */ = {isa = PBXBuildFile; fileRef = C9FCC39C293DBD2200DEDDEA /* Leds.swift */; };
		C9FCC3A5293DBD2200DEDDEA /* Segment.swift in Sources */ = {isa = PBXBuildFile; fileRef = C9FCC398293DBD2200DEDDEA /* Segment.swift */; };
		E149382E2CB3C930000F0224 /* WLEDRequestManagerProvider.swift in Sources */ = {isa = PBXBuildFile; fileRef = E149382D2CB3C930000F0224 /* WLEDRequestManagerProvider.swift */; };
		E149382F2CB3C930000F0224 /* WLEDRequestManagerProvider.swift in Sources */ = {isa = PBXBuildFile; fileRef = E149382D2CB3C930000F0224 /* WLEDRequestManagerProvider.swift */; };
		E15C19DD2CA1CB4000431441 /* Assets.xcassets in Resources */ = {isa = PBXBuildFile; fileRef = C9A9E5C92918D1C4005B5C22 /* Assets.xcassets */; };
		E15C19DE2CA1CB7F00431441 /* DeviceView.swift in Sources */ = {isa = PBXBuildFile; fileRef = C99BEF562AF8B926001AD80A /* DeviceView.swift */; };
		E15C19DF2CA1CB7F00431441 /* FetchedObjects.swift in Sources */ = {isa = PBXBuildFile; fileRef = C9767DE22AFAE65C002F3EA9 /* FetchedObjects.swift */; };
		E15C19E02CA1CB7F00431441 /* DeviceListItemView.swift in Sources */ = {isa = PBXBuildFile; fileRef = C96440E72AF095B500C51204 /* DeviceListItemView.swift */; };
		E15C19E12CA1CB7F00431441 /* DeviceEditView.swift in Sources */ = {isa = PBXBuildFile; fileRef = C9767DDF2AFA04E0002F3EA9 /* DeviceEditView.swift */; };
		E15C19E22CA1CB7F00431441 /* DeviceUpdateDetails.swift in Sources */ = {isa = PBXBuildFile; fileRef = C948F4942B3D1C480092C4B1 /* DeviceUpdateDetails.swift */; };
		E15C19E32CA1CB7F00431441 /* DeviceUpdateInstalling.swift in Sources */ = {isa = PBXBuildFile; fileRef = C948F4992B3E2B590092C4B1 /* DeviceUpdateInstalling.swift */; };
		E15C19E42CA1CB7F00431441 /* WebView.swift in Sources */ = {isa = PBXBuildFile; fileRef = C99BEF582AF8BA79001AD80A /* WebView.swift */; };
		E15C19E52CA1CB7F00431441 /* DeviceAddView.swift in Sources */ = {isa = PBXBuildFile; fileRef = C9767DDD2AF9F435002F3EA9 /* DeviceAddView.swift */; };
		E15C19E62CA1CB7F00431441 /* BackgroundBlurView.swift in Sources */ = {isa = PBXBuildFile; fileRef = C95B4A822B3E3F540081F4C5 /* BackgroundBlurView.swift */; };
		E15C19E72CA1CB7F00431441 /* ToolbarBadge.swift in Sources */ = {isa = PBXBuildFile; fileRef = C99BAC2D2B735875009BC476 /* ToolbarBadge.swift */; };
		E15C19E82CA1CB7F00431441 /* DeviceListFilterAndSort.swift in Sources */ = {isa = PBXBuildFile; fileRef = C9AF21582AFB47BB00E03749 /* DeviceListFilterAndSort.swift */; };
		E15C19E92CA1CB7F00431441 /* DeviceListView.swift in Sources */ = {isa = PBXBuildFile; fileRef = C9865AF52AEF1902000B2714 /* DeviceListView.swift */; };
		E15C19EA2CA1CB8600431441 /* WLEDWebsocketHandler.swift in Sources */ = {isa = PBXBuildFile; fileRef = C946FB972B6C953F00D5B00D /* WLEDWebsocketHandler.swift */; };
		E15C19EB2CA1CB8600431441 /* ReleaseService.swift in Sources */ = {isa = PBXBuildFile; fileRef = C97CD4AA2B30175400420E93 /* ReleaseService.swift */; };
		E15C19EC2CA1CB8600431441 /* DeviceUpdateService.swift in Sources */ = {isa = PBXBuildFile; fileRef = C9B9FB3D2B3FB7280003E6F9 /* DeviceUpdateService.swift */; };
		E15C19ED2CA1CB8600431441 /* WLEDRequestHandler.swift in Sources */ = {isa = PBXBuildFile; fileRef = C946FB932B6C93F000D5B00D /* WLEDRequestHandler.swift */; };
		E15C19EE2CA1CB8600431441 /* DeviceExtensions.swift in Sources */ = {isa = PBXBuildFile; fileRef = C946FB992B6CA10600D5B00D /* DeviceExtensions.swift */; };
		E15C19EF2CA1CB8600431441 /* DiscoveryService.swift in Sources */ = {isa = PBXBuildFile; fileRef = C99BEF542AF49513001AD80A /* DiscoveryService.swift */; };
		E15C19F12CA1CB8600431441 /* WLEDRequestManager.swift in Sources */ = {isa = PBXBuildFile; fileRef = C946FB822B68C3B700D5B00D /* WLEDRequestManager.swift */; };
		E15C19F22CA1CB8600431441 /* GithubApi.swift in Sources */ = {isa = PBXBuildFile; fileRef = C97CD4A62B30107800420E93 /* GithubApi.swift */; };
		E15C19F32CA1CB8600431441 /* WLEDRepoApi.swift in Sources */ = {isa = PBXBuildFile; fileRef = C97CD4A82B30165900420E93 /* WLEDRepoApi.swift */; };
		E15C19F42CA1CB8600431441 /* WLEDJsonApiHandler.swift in Sources */ = {isa = PBXBuildFile; fileRef = C946FB952B6C950200D5B00D /* WLEDJsonApiHandler.swift */; };
		E15C19F62CA1CB8C00431441 /* Reactions.swift in Sources */ = {isa = PBXBuildFile; fileRef = C97CD4A02B269F8B00420E93 /* Reactions.swift */; };
		E15C19F72CA1CB8C00431441 /* Author.swift in Sources */ = {isa = PBXBuildFile; fileRef = C97CD49E2B269F6800420E93 /* Author.swift */; };
		E15C19F82CA1CB8C00431441 /* Release.swift in Sources */ = {isa = PBXBuildFile; fileRef = C97CD4A22B269F9400420E93 /* Release.swift */; };
		E15C19F92CA1CB8C00431441 /* Uploader.swift in Sources */ = {isa = PBXBuildFile; fileRef = C97CD4A42B269FA400420E93 /* Uploader.swift */; };
		E15C19FA2CA1CB8C00431441 /* GithubAsset.swift in Sources */ = {isa = PBXBuildFile; fileRef = C97CD49C2B269F3000420E93 /* GithubAsset.swift */; };
		E15C19FB2CA1CB9300431441 /* WLEDRequest.swift in Sources */ = {isa = PBXBuildFile; fileRef = C946FB8D2B6C8E8800D5B00D /* WLEDRequest.swift */; };
		E15C19FC2CA1CB9300431441 /* WLEDRequestState.swift in Sources */ = {isa = PBXBuildFile; fileRef = C9FCC38A293DB8A000DEDDEA /* WLEDRequestState.swift */; };
		E15C19FD2CA1CB9300431441 /* WLEDRefreshRequest.swift in Sources */ = {isa = PBXBuildFile; fileRef = C946FB8F2B6C92C400D5B00D /* WLEDRefreshRequest.swift */; };
		E15C19FE2CA1CB9300431441 /* WLEDChangeStateRequest.swift in Sources */ = {isa = PBXBuildFile; fileRef = C946FB9B2B6E032800D5B00D /* WLEDChangeStateRequest.swift */; };
		E15C19FF2CA1CB9300431441 /* WLEDSoftwareUpdateRequest.swift in Sources */ = {isa = PBXBuildFile; fileRef = C946FBA12B702F8B00D5B00D /* WLEDSoftwareUpdateRequest.swift */; };
		E15C1A002CA1CB9D00431441 /* Persistence.swift in Sources */ = {isa = PBXBuildFile; fileRef = C96440E12AEF6B6000C51204 /* Persistence.swift */; };
		E15C1A012CA1CB9D00431441 /* DeviceStateInfo.swift in Sources */ = {isa = PBXBuildFile; fileRef = C9FCC396293DBD1800DEDDEA /* DeviceStateInfo.swift */; };
		E15C1A022CA1CB9D00431441 /* Wifi.swift in Sources */ = {isa = PBXBuildFile; fileRef = C9FCC390293DB95500DEDDEA /* Wifi.swift */; };
		E15C1A032CA1CB9D00431441 /* Branch.swift in Sources */ = {isa = PBXBuildFile; fileRef = C97CD4992B2519BC00420E93 /* Branch.swift */; };
		E15C1A042CA1CB9D00431441 /* Nightlight.swift in Sources */ = {isa = PBXBuildFile; fileRef = C9FCC392293DB9A500DEDDEA /* Nightlight.swift */; };
		E15C1A052CA1CB9D00431441 /* FileSystem.swift in Sources */ = {isa = PBXBuildFile; fileRef = C9FCC388293DB86900DEDDEA /* FileSystem.swift */; };
		E15C1A062CA1CB9D00431441 /* WledState.swift in Sources */ = {isa = PBXBuildFile; fileRef = C9FCC384293DB69F00DEDDEA /* WledState.swift */; };
		E15C1A072CA1CB9D00431441 /* Leds.swift in Sources */ = {isa = PBXBuildFile; fileRef = C9FCC39C293DBD2200DEDDEA /* Leds.swift */; };
		E15C1A082CA1CB9D00431441 /* Segment.swift in Sources */ = {isa = PBXBuildFile; fileRef = C9FCC398293DBD2200DEDDEA /* Segment.swift */; };
		E15C1A092CA1CB9D00431441 /* Info.swift in Sources */ = {isa = PBXBuildFile; fileRef = C9FCC3A0293DBD2200DEDDEA /* Info.swift */; };
		E15C1A0A2CA1CBC900431441 /* WLEDNativeApp.swift in Sources */ = {isa = PBXBuildFile; fileRef = C9A9E5C02918D1C3005B5C22 /* WLEDNativeApp.swift */; };
		E15C1A272CA1CD3800431441 /* Collections in Frameworks */ = {isa = PBXBuildFile; productRef = E15C1A262CA1CD3800431441 /* Collections */; };
		E15C1A292CA1CD3C00431441 /* DequeModule in Frameworks */ = {isa = PBXBuildFile; productRef = E15C1A282CA1CD3C00431441 /* DequeModule */; };
		E15C1A2D2CA1CD4400431441 /* OrderedCollections in Frameworks */ = {isa = PBXBuildFile; productRef = E15C1A2C2CA1CD4400431441 /* OrderedCollections */; };
		E15C1A2E2CA1CDB900431441 /* Localizable.strings in Resources */ = {isa = PBXBuildFile; fileRef = C9D43A7D29BAE3BA005A71C2 /* Localizable.strings */; };
		E15C1A2F2CA1CDC100431441 /* wled_native_data.xcdatamodeld in Sources */ = {isa = PBXBuildFile; fileRef = C97CD4962B25000300420E93 /* wled_native_data.xcdatamodeld */; };
		E15C1A302CA1CDC700431441 /* 012_rip.png in Resources */ = {isa = PBXBuildFile; fileRef = C93470AD29D905BD0085D9D5 /* 012_rip.png */; };
		E15C1A312CA1CDCE00431441 /* errorPage.en.html in Resources */ = {isa = PBXBuildFile; fileRef = C93470AB29D904C20085D9D5 /* errorPage.en.html */; };
		E15C1A322CA1CDCE00431441 /* errorPage.fr.html in Resources */ = {isa = PBXBuildFile; fileRef = C96827222B01AFB900A5DDEC /* errorPage.fr.html */; };
		E15C1A332CA1CDCE00431441 /* errorPage.css in Resources */ = {isa = PBXBuildFile; fileRef = C96827202B01AF5900A5DDEC /* errorPage.css */; };
		E15C1A342CA1CDD400431441 /* PrivacyInfo.xcprivacy in Resources */ = {isa = PBXBuildFile; fileRef = C906561F2BBA5B9500D4ADAF /* PrivacyInfo.xcprivacy */; };
		E15C1A352CA1CDDD00431441 /* README.md in Resources */ = {isa = PBXBuildFile; fileRef = C9C4B47E2AC0050500791D20 /* README.md */; };
		E15C1A362CA1CE0600431441 /* InfoPlist.strings in Resources */ = {isa = PBXBuildFile; fileRef = C9F82F2429BBD0E100B8A5EE /* InfoPlist.strings */; };
		E15C1A3A2CA1D4FD00431441 /* MarkdownUI in Frameworks */ = {isa = PBXBuildFile; productRef = E15C1A392CA1D4FD00431441 /* MarkdownUI */; };
		E15C1A3C2CA1D50500431441 /* MarkdownUI in Frameworks */ = {isa = PBXBuildFile; productRef = E15C1A3B2CA1D50500431441 /* MarkdownUI */; };
/* End PBXBuildFile section */

/* Begin PBXFileReference section */
		C906561F2BBA5B9500D4ADAF /* PrivacyInfo.xcprivacy */ = {isa = PBXFileReference; lastKnownFileType = text.xml; path = PrivacyInfo.xcprivacy; sourceTree = "<group>"; };
		C93470AB29D904C20085D9D5 /* errorPage.en.html */ = {isa = PBXFileReference; lastKnownFileType = text.html; path = errorPage.en.html; sourceTree = "<group>"; };
		C93470AD29D905BD0085D9D5 /* 012_rip.png */ = {isa = PBXFileReference; lastKnownFileType = image.png; path = 012_rip.png; sourceTree = "<group>"; };
		C946FB822B68C3B700D5B00D /* WLEDRequestManager.swift */ = {isa = PBXFileReference; lastKnownFileType = sourcecode.swift; path = WLEDRequestManager.swift; sourceTree = "<group>"; };
		C946FB8D2B6C8E8800D5B00D /* WLEDRequest.swift */ = {isa = PBXFileReference; lastKnownFileType = sourcecode.swift; path = WLEDRequest.swift; sourceTree = "<group>"; };
		C946FB8F2B6C92C400D5B00D /* WLEDRefreshRequest.swift */ = {isa = PBXFileReference; lastKnownFileType = sourcecode.swift; path = WLEDRefreshRequest.swift; sourceTree = "<group>"; };
		C946FB932B6C93F000D5B00D /* WLEDRequestHandler.swift */ = {isa = PBXFileReference; lastKnownFileType = sourcecode.swift; path = WLEDRequestHandler.swift; sourceTree = "<group>"; };
		C946FB952B6C950200D5B00D /* WLEDJsonApiHandler.swift */ = {isa = PBXFileReference; lastKnownFileType = sourcecode.swift; path = WLEDJsonApiHandler.swift; sourceTree = "<group>"; };
		C946FB972B6C953F00D5B00D /* WLEDWebsocketHandler.swift */ = {isa = PBXFileReference; lastKnownFileType = sourcecode.swift; path = WLEDWebsocketHandler.swift; sourceTree = "<group>"; };
		C946FB992B6CA10600D5B00D /* DeviceExtensions.swift */ = {isa = PBXFileReference; lastKnownFileType = sourcecode.swift; path = DeviceExtensions.swift; sourceTree = "<group>"; };
		C946FB9B2B6E032800D5B00D /* WLEDChangeStateRequest.swift */ = {isa = PBXFileReference; lastKnownFileType = sourcecode.swift; path = WLEDChangeStateRequest.swift; sourceTree = "<group>"; };
		C946FBA12B702F8B00D5B00D /* WLEDSoftwareUpdateRequest.swift */ = {isa = PBXFileReference; lastKnownFileType = sourcecode.swift; path = WLEDSoftwareUpdateRequest.swift; sourceTree = "<group>"; };
		C948F4942B3D1C480092C4B1 /* DeviceUpdateDetails.swift */ = {isa = PBXFileReference; lastKnownFileType = sourcecode.swift; path = DeviceUpdateDetails.swift; sourceTree = "<group>"; };
		C948F4992B3E2B590092C4B1 /* DeviceUpdateInstalling.swift */ = {isa = PBXFileReference; lastKnownFileType = sourcecode.swift; path = DeviceUpdateInstalling.swift; sourceTree = "<group>"; };
		C95B4A822B3E3F540081F4C5 /* BackgroundBlurView.swift */ = {isa = PBXFileReference; lastKnownFileType = sourcecode.swift; path = BackgroundBlurView.swift; sourceTree = "<group>"; };
		C96440E12AEF6B6000C51204 /* Persistence.swift */ = {isa = PBXFileReference; lastKnownFileType = sourcecode.swift; path = Persistence.swift; sourceTree = "<group>"; };
		C96440E72AF095B500C51204 /* DeviceListItemView.swift */ = {isa = PBXFileReference; lastKnownFileType = sourcecode.swift; path = DeviceListItemView.swift; sourceTree = "<group>"; };
		C96827202B01AF5900A5DDEC /* errorPage.css */ = {isa = PBXFileReference; lastKnownFileType = text.css; path = errorPage.css; sourceTree = "<group>"; };
		C96827222B01AFB900A5DDEC /* errorPage.fr.html */ = {isa = PBXFileReference; fileEncoding = 4; lastKnownFileType = text.html; path = errorPage.fr.html; sourceTree = "<group>"; };
		C9767DDD2AF9F435002F3EA9 /* DeviceAddView.swift */ = {isa = PBXFileReference; lastKnownFileType = sourcecode.swift; path = DeviceAddView.swift; sourceTree = "<group>"; };
		C9767DDF2AFA04E0002F3EA9 /* DeviceEditView.swift */ = {isa = PBXFileReference; lastKnownFileType = sourcecode.swift; path = DeviceEditView.swift; sourceTree = "<group>"; };
		C9767DE22AFAE65C002F3EA9 /* FetchedObjects.swift */ = {isa = PBXFileReference; lastKnownFileType = sourcecode.swift; path = FetchedObjects.swift; sourceTree = "<group>"; };
		C97CD4972B25000300420E93 /* wled_native_data.xcdatamodel */ = {isa = PBXFileReference; lastKnownFileType = wrapper.xcdatamodel; path = wled_native_data.xcdatamodel; sourceTree = "<group>"; };
		C97CD4992B2519BC00420E93 /* Branch.swift */ = {isa = PBXFileReference; lastKnownFileType = sourcecode.swift; path = Branch.swift; sourceTree = "<group>"; };
		C97CD49C2B269F3000420E93 /* GithubAsset.swift */ = {isa = PBXFileReference; lastKnownFileType = sourcecode.swift; path = GithubAsset.swift; sourceTree = "<group>"; };
		C97CD49E2B269F6800420E93 /* Author.swift */ = {isa = PBXFileReference; lastKnownFileType = sourcecode.swift; path = Author.swift; sourceTree = "<group>"; };
		C97CD4A02B269F8B00420E93 /* Reactions.swift */ = {isa = PBXFileReference; lastKnownFileType = sourcecode.swift; path = Reactions.swift; sourceTree = "<group>"; };
		C97CD4A22B269F9400420E93 /* Release.swift */ = {isa = PBXFileReference; lastKnownFileType = sourcecode.swift; path = Release.swift; sourceTree = "<group>"; };
		C97CD4A42B269FA400420E93 /* Uploader.swift */ = {isa = PBXFileReference; lastKnownFileType = sourcecode.swift; path = Uploader.swift; sourceTree = "<group>"; };
		C97CD4A62B30107800420E93 /* GithubApi.swift */ = {isa = PBXFileReference; lastKnownFileType = sourcecode.swift; path = GithubApi.swift; sourceTree = "<group>"; };
		C97CD4A82B30165900420E93 /* WLEDRepoApi.swift */ = {isa = PBXFileReference; lastKnownFileType = sourcecode.swift; path = WLEDRepoApi.swift; sourceTree = "<group>"; };
		C97CD4AA2B30175400420E93 /* ReleaseService.swift */ = {isa = PBXFileReference; lastKnownFileType = sourcecode.swift; path = ReleaseService.swift; sourceTree = "<group>"; };
		C9865AF52AEF1902000B2714 /* DeviceListView.swift */ = {isa = PBXFileReference; lastKnownFileType = sourcecode.swift; path = DeviceListView.swift; sourceTree = "<group>"; };
		C99BAC2D2B735875009BC476 /* ToolbarBadge.swift */ = {isa = PBXFileReference; lastKnownFileType = sourcecode.swift; path = ToolbarBadge.swift; sourceTree = "<group>"; };
		C99BEF542AF49513001AD80A /* DiscoveryService.swift */ = {isa = PBXFileReference; lastKnownFileType = sourcecode.swift; path = DiscoveryService.swift; sourceTree = "<group>"; };
		C99BEF562AF8B926001AD80A /* DeviceView.swift */ = {isa = PBXFileReference; lastKnownFileType = sourcecode.swift; path = DeviceView.swift; sourceTree = "<group>"; };
		C99BEF582AF8BA79001AD80A /* WebView.swift */ = {isa = PBXFileReference; lastKnownFileType = sourcecode.swift; path = WebView.swift; sourceTree = "<group>"; };
		C9A9E5BD2918D1C3005B5C22 /* wled-native.app */ = {isa = PBXFileReference; explicitFileType = wrapper.application; includeInIndex = 0; path = "wled-native.app"; sourceTree = BUILT_PRODUCTS_DIR; };
		C9A9E5C02918D1C3005B5C22 /* WLEDNativeApp.swift */ = {isa = PBXFileReference; lastKnownFileType = sourcecode.swift; path = WLEDNativeApp.swift; sourceTree = "<group>"; };
		C9A9E5C92918D1C4005B5C22 /* Assets.xcassets */ = {isa = PBXFileReference; lastKnownFileType = folder.assetcatalog; path = Assets.xcassets; sourceTree = "<group>"; };
		C9A9E5CE2918D1C4005B5C22 /* Info.plist */ = {isa = PBXFileReference; lastKnownFileType = text.plist.xml; path = Info.plist; sourceTree = "<group>"; };
		C9AF215A2AFDCF7500E03749 /* Launch Screen.storyboard */ = {isa = PBXFileReference; lastKnownFileType = file.storyboard; path = "Launch Screen.storyboard"; sourceTree = "<group>"; };
		C9B9FB3D2B3FB7280003E6F9 /* DeviceUpdateService.swift */ = {isa = PBXFileReference; lastKnownFileType = sourcecode.swift; path = DeviceUpdateService.swift; sourceTree = "<group>"; };
		C9C4B47E2AC0050500791D20 /* README.md */ = {isa = PBXFileReference; fileEncoding = 4; lastKnownFileType = net.daringfireball.markdown; path = README.md; sourceTree = SOURCE_ROOT; };
		C9D43A7C29BAE3BA005A71C2 /* en */ = {isa = PBXFileReference; lastKnownFileType = text.plist.strings; name = en; path = en.lproj/Localizable.strings; sourceTree = "<group>"; };
		C9D43A8029BAE3F8005A71C2 /* fr-CA */ = {isa = PBXFileReference; lastKnownFileType = text.plist.strings; name = "fr-CA"; path = "fr-CA.lproj/Localizable.strings"; sourceTree = "<group>"; };
		C9F82F2329BBD0E100B8A5EE /* en */ = {isa = PBXFileReference; lastKnownFileType = text.plist.strings; name = en; path = en.lproj/InfoPlist.strings; sourceTree = "<group>"; };
		C9F82F2529BBD0E300B8A5EE /* fr-CA */ = {isa = PBXFileReference; lastKnownFileType = text.plist.strings; name = "fr-CA"; path = "fr-CA.lproj/InfoPlist.strings"; sourceTree = "<group>"; };
		C9FCC384293DB69F00DEDDEA /* WledState.swift */ = {isa = PBXFileReference; fileEncoding = 4; lastKnownFileType = sourcecode.swift; name = WledState.swift; path = "wled-native/Model/DeviceApi/Response/WledState.swift"; sourceTree = SOURCE_ROOT; };
		C9FCC388293DB86900DEDDEA /* FileSystem.swift */ = {isa = PBXFileReference; fileEncoding = 4; lastKnownFileType = sourcecode.swift; name = FileSystem.swift; path = "wled-native/Model/DeviceApi/Response/FileSystem.swift"; sourceTree = SOURCE_ROOT; };
		C9FCC38A293DB8A000DEDDEA /* WLEDRequestState.swift */ = {isa = PBXFileReference; fileEncoding = 4; lastKnownFileType = sourcecode.swift; name = WLEDRequestState.swift; path = "wled-native/Model/DeviceApi/Request/WLEDRequestState.swift"; sourceTree = SOURCE_ROOT; };
		C9FCC390293DB95500DEDDEA /* Wifi.swift */ = {isa = PBXFileReference; fileEncoding = 4; lastKnownFileType = sourcecode.swift; name = Wifi.swift; path = "wled-native/Model/DeviceApi/Response/Wifi.swift"; sourceTree = SOURCE_ROOT; };
		C9FCC392293DB9A500DEDDEA /* Nightlight.swift */ = {isa = PBXFileReference; fileEncoding = 4; lastKnownFileType = sourcecode.swift; name = Nightlight.swift; path = "wled-native/Model/DeviceApi/Response/Nightlight.swift"; sourceTree = SOURCE_ROOT; };
		C9FCC396293DBD1800DEDDEA /* DeviceStateInfo.swift */ = {isa = PBXFileReference; lastKnownFileType = sourcecode.swift; path = DeviceStateInfo.swift; sourceTree = "<group>"; };
		C9FCC398293DBD2200DEDDEA /* Segment.swift */ = {isa = PBXFileReference; lastKnownFileType = sourcecode.swift; path = Segment.swift; sourceTree = "<group>"; };
		C9FCC39C293DBD2200DEDDEA /* Leds.swift */ = {isa = PBXFileReference; lastKnownFileType = sourcecode.swift; path = Leds.swift; sourceTree = "<group>"; };
		C9FCC3A0293DBD2200DEDDEA /* Info.swift */ = {isa = PBXFileReference; lastKnownFileType = sourcecode.swift; path = Info.swift; sourceTree = "<group>"; };
		E149382D2CB3C930000F0224 /* WLEDRequestManagerProvider.swift */ = {isa = PBXFileReference; lastKnownFileType = sourcecode.swift; path = WLEDRequestManagerProvider.swift; sourceTree = "<group>"; };
		E15C19CE2CA1CABD00431441 /* wled-native-osx.app */ = {isa = PBXFileReference; explicitFileType = wrapper.application; includeInIndex = 0; path = "wled-native-osx.app"; sourceTree = BUILT_PRODUCTS_DIR; };
		E15C1A452CA1DC4B00431441 /* wled_native_osx.entitlements */ = {isa = PBXFileReference; lastKnownFileType = text.plist.entitlements; path = wled_native_osx.entitlements; sourceTree = "<group>"; };
/* End PBXFileReference section */

/* Begin PBXFileSystemSynchronizedRootGroup section */
		E15C1A482CA1DFF000431441 /* Preview Content */ = {isa = PBXFileSystemSynchronizedRootGroup; explicitFileTypes = {}; explicitFolders = (); path = "Preview Content"; sourceTree = "<group>"; };
/* End PBXFileSystemSynchronizedRootGroup section */

/* Begin PBXFrameworksBuildPhase section */
		C9A9E5BA2918D1C3005B5C22 /* Frameworks */ = {
			isa = PBXFrameworksBuildPhase;
			buildActionMask = 2147483647;
			files = (
				C946FB862B68C53600D5B00D /* Collections in Frameworks */,
				C946FB8A2B68C53600D5B00D /* OrderedCollections in Frameworks */,
				C946FB882B68C53600D5B00D /* DequeModule in Frameworks */,
				E15C1A3C2CA1D50500431441 /* MarkdownUI in Frameworks */,
			);
			runOnlyForDeploymentPostprocessing = 0;
		};
		E15C19CB2CA1CABD00431441 /* Frameworks */ = {
			isa = PBXFrameworksBuildPhase;
			buildActionMask = 2147483647;
			files = (
				E15C1A272CA1CD3800431441 /* Collections in Frameworks */,
				E15C1A2D2CA1CD4400431441 /* OrderedCollections in Frameworks */,
				E15C1A292CA1CD3C00431441 /* DequeModule in Frameworks */,
				E15C1A3A2CA1D4FD00431441 /* MarkdownUI in Frameworks */,
			);
			runOnlyForDeploymentPostprocessing = 0;
		};
/* End PBXFrameworksBuildPhase section */

/* Begin PBXGroup section */
		C946FB8B2B6C8E5F00D5B00D /* Response */ = {
			isa = PBXGroup;
			children = (
				C9FCC396293DBD1800DEDDEA /* DeviceStateInfo.swift */,
				C9FCC388293DB86900DEDDEA /* FileSystem.swift */,
				C9FCC3A0293DBD2200DEDDEA /* Info.swift */,
				C9FCC39C293DBD2200DEDDEA /* Leds.swift */,
				C9FCC392293DB9A500DEDDEA /* Nightlight.swift */,
				C9FCC398293DBD2200DEDDEA /* Segment.swift */,
				C9FCC384293DB69F00DEDDEA /* WledState.swift */,
				C9FCC390293DB95500DEDDEA /* Wifi.swift */,
			);
			path = Response;
			sourceTree = "<group>";
		};
		C946FB8C2B6C8E7500D5B00D /* Request */ = {
			isa = PBXGroup;
			children = (
				C9FCC38A293DB8A000DEDDEA /* WLEDRequestState.swift */,
				C946FB8D2B6C8E8800D5B00D /* WLEDRequest.swift */,
				C946FB8F2B6C92C400D5B00D /* WLEDRefreshRequest.swift */,
				C946FB9B2B6E032800D5B00D /* WLEDChangeStateRequest.swift */,
				C946FBA12B702F8B00D5B00D /* WLEDSoftwareUpdateRequest.swift */,
			);
			path = Request;
			sourceTree = "<group>";
		};
		C946FB922B6C93DA00D5B00D /* DeviceApi */ = {
			isa = PBXGroup;
			children = (
				E149382D2CB3C930000F0224 /* WLEDRequestManagerProvider.swift */,
				C946FB822B68C3B700D5B00D /* WLEDRequestManager.swift */,
				C946FB932B6C93F000D5B00D /* WLEDRequestHandler.swift */,
				C946FB952B6C950200D5B00D /* WLEDJsonApiHandler.swift */,
				C946FB972B6C953F00D5B00D /* WLEDWebsocketHandler.swift */,
				C946FB992B6CA10600D5B00D /* DeviceExtensions.swift */,
			);
			path = DeviceApi;
			sourceTree = "<group>";
		};
		C96BF3F7291FFDC90011BC3B /* Model */ = {
			isa = PBXGroup;
			children = (
				C97CD49B2B269D5D00420E93 /* Github */,
				C9FCC381293DB18100DEDDEA /* DeviceApi */,
				C97CD4992B2519BC00420E93 /* Branch.swift */,
			);
			path = Model;
			sourceTree = "<group>";
		};
		C9767DE12AFAE64A002F3EA9 /* Tool */ = {
			isa = PBXGroup;
			children = (
				C9767DE22AFAE65C002F3EA9 /* FetchedObjects.swift */,
				C95B4A822B3E3F540081F4C5 /* BackgroundBlurView.swift */,
				C99BAC2D2B735875009BC476 /* ToolbarBadge.swift */,
			);
			path = Tool;
			sourceTree = "<group>";
		};
		C97CD49B2B269D5D00420E93 /* Github */ = {
			isa = PBXGroup;
			children = (
				C97CD49C2B269F3000420E93 /* GithubAsset.swift */,
				C97CD49E2B269F6800420E93 /* Author.swift */,
				C97CD4A02B269F8B00420E93 /* Reactions.swift */,
				C97CD4A22B269F9400420E93 /* Release.swift */,
				C97CD4A42B269FA400420E93 /* Uploader.swift */,
			);
			path = Github;
			sourceTree = "<group>";
		};
		C9865AF42AEF18E7000B2714 /* View */ = {
			isa = PBXGroup;
			children = (
				C9767DE12AFAE64A002F3EA9 /* Tool */,
				C9865AF52AEF1902000B2714 /* DeviceListView.swift */,
				C96440E72AF095B500C51204 /* DeviceListItemView.swift */,
				C99BEF562AF8B926001AD80A /* DeviceView.swift */,
				C99BEF582AF8BA79001AD80A /* WebView.swift */,
				C9767DDD2AF9F435002F3EA9 /* DeviceAddView.swift */,
				C9767DDF2AFA04E0002F3EA9 /* DeviceEditView.swift */,
				C948F4942B3D1C480092C4B1 /* DeviceUpdateDetails.swift */,
				C948F4992B3E2B590092C4B1 /* DeviceUpdateInstalling.swift */,
			);
			path = View;
			sourceTree = "<group>";
		};
		C9A9E5B42918D1C3005B5C22 = {
			isa = PBXGroup;
			children = (
				C9A9E5BF2918D1C3005B5C22 /* wled-native */,
				E15C1A252CA1CD3800431441 /* Frameworks */,
				C9A9E5BE2918D1C3005B5C22 /* Products */,
			);
			sourceTree = "<group>";
		};
		C9A9E5BE2918D1C3005B5C22 /* Products */ = {
			isa = PBXGroup;
			children = (
				C9A9E5BD2918D1C3005B5C22 /* wled-native.app */,
				E15C19CE2CA1CABD00431441 /* wled-native-osx.app */,
			);
			name = Products;
			sourceTree = "<group>";
		};
		C9A9E5BF2918D1C3005B5C22 /* wled-native */ = {
			isa = PBXGroup;
			children = (
				E15C1A482CA1DFF000431441 /* Preview Content */,
				C9865AF42AEF18E7000B2714 /* View */,
				C9FCC37E293DAF8300DEDDEA /* Service */,
				C96BF3F7291FFDC90011BC3B /* Model */,
				C96440E12AEF6B6000C51204 /* Persistence.swift */,
				C9A9E5C02918D1C3005B5C22 /* WLEDNativeApp.swift */,
				C9A9E5C92918D1C4005B5C22 /* Assets.xcassets */,
				C97CD4962B25000300420E93 /* wled_native_data.xcdatamodeld */,
				E15C1A452CA1DC4B00431441 /* wled_native_osx.entitlements */,
				C9D43A7D29BAE3BA005A71C2 /* Localizable.strings */,
				C9F82F2429BBD0E100B8A5EE /* InfoPlist.strings */,
				C93470AD29D905BD0085D9D5 /* 012_rip.png */,
				C93470AB29D904C20085D9D5 /* errorPage.en.html */,
				C96827222B01AFB900A5DDEC /* errorPage.fr.html */,
				C96827202B01AF5900A5DDEC /* errorPage.css */,
				C9A9E5CE2918D1C4005B5C22 /* Info.plist */,
				C9AF215A2AFDCF7500E03749 /* Launch Screen.storyboard */,
				C906561F2BBA5B9500D4ADAF /* PrivacyInfo.xcprivacy */,
				C9C4B47E2AC0050500791D20 /* README.md */,
			);
			path = "wled-native";
			sourceTree = "<group>";
		};
		C9FCC37E293DAF8300DEDDEA /* Service */ = {
			isa = PBXGroup;
			children = (
				C946FB922B6C93DA00D5B00D /* DeviceApi */,
				C99BEF542AF49513001AD80A /* DiscoveryService.swift */,
				C97CD4A62B30107800420E93 /* GithubApi.swift */,
				C97CD4A82B30165900420E93 /* WLEDRepoApi.swift */,
				C97CD4AA2B30175400420E93 /* ReleaseService.swift */,
				C9B9FB3D2B3FB7280003E6F9 /* DeviceUpdateService.swift */,
			);
			path = Service;
			sourceTree = "<group>";
		};
		C9FCC381293DB18100DEDDEA /* DeviceApi */ = {
			isa = PBXGroup;
			children = (
				C946FB8C2B6C8E7500D5B00D /* Request */,
				C946FB8B2B6C8E5F00D5B00D /* Response */,
			);
			path = DeviceApi;
			sourceTree = "<group>";
		};
		E15C1A252CA1CD3800431441 /* Frameworks */ = {
			isa = PBXGroup;
			children = (
			);
			name = Frameworks;
			sourceTree = "<group>";
		};
/* End PBXGroup section */

/* Begin PBXNativeTarget section */
		C9A9E5BC2918D1C3005B5C22 /* wled-native */ = {
			isa = PBXNativeTarget;
			buildConfigurationList = C9A9E5D12918D1C4005B5C22 /* Build configuration list for PBXNativeTarget "wled-native" */;
			buildPhases = (
				C9A9E5B92918D1C3005B5C22 /* Sources */,
				C9A9E5BA2918D1C3005B5C22 /* Frameworks */,
				C9A9E5BB2918D1C3005B5C22 /* Resources */,
			);
			buildRules = (
			);
			dependencies = (
			);
			name = "wled-native";
			packageProductDependencies = (
				C946FB852B68C53600D5B00D /* Collections */,
				C946FB872B68C53600D5B00D /* DequeModule */,
				C946FB892B68C53600D5B00D /* OrderedCollections */,
				E15C1A3B2CA1D50500431441 /* MarkdownUI */,
			);
			productName = "wled-native";
			productReference = C9A9E5BD2918D1C3005B5C22 /* wled-native.app */;
			productType = "com.apple.product-type.application";
		};
		E15C19CD2CA1CABD00431441 /* wled-native-osx */ = {
			isa = PBXNativeTarget;
			buildConfigurationList = E15C19DA2CA1CABE00431441 /* Build configuration list for PBXNativeTarget "wled-native-osx" */;
			buildPhases = (
				E15C19CA2CA1CABD00431441 /* Sources */,
				E15C19CB2CA1CABD00431441 /* Frameworks */,
				E15C19CC2CA1CABD00431441 /* Resources */,
			);
			buildRules = (
			);
			dependencies = (
			);
			fileSystemSynchronizedGroups = (
				E15C1A482CA1DFF000431441 /* Preview Content */,
			);
			name = "wled-native-osx";
			packageProductDependencies = (
				E15C1A262CA1CD3800431441 /* Collections */,
				E15C1A282CA1CD3C00431441 /* DequeModule */,
				E15C1A2C2CA1CD4400431441 /* OrderedCollections */,
				E15C1A392CA1D4FD00431441 /* MarkdownUI */,
			);
			productName = "wled-native-osx";
			productReference = E15C19CE2CA1CABD00431441 /* wled-native-osx.app */;
			productType = "com.apple.product-type.application";
		};
/* End PBXNativeTarget section */

/* Begin PBXProject section */
		C9A9E5B52918D1C3005B5C22 /* Project object */ = {
			isa = PBXProject;
			attributes = {
				BuildIndependentTargetsInParallel = 1;
				LastSwiftUpdateCheck = 1600;
				LastUpgradeCheck = 1500;
				TargetAttributes = {
					C9A9E5BC2918D1C3005B5C22 = {
						CreatedOnToolsVersion = 14.1;
					};
					E15C19CD2CA1CABD00431441 = {
						CreatedOnToolsVersion = 16.0;
					};
				};
			};
			buildConfigurationList = C9A9E5B82918D1C3005B5C22 /* Build configuration list for PBXProject "wled-native" */;
			compatibilityVersion = "Xcode 14.0";
			developmentRegion = en;
			hasScannedForEncodings = 0;
			knownRegions = (
				en,
				Base,
				"fr-CA",
			);
			mainGroup = C9A9E5B42918D1C3005B5C22;
			packageReferences = (
				C948F4962B3D2B320092C4B1 /* XCRemoteSwiftPackageReference "swift-markdown-ui" */,
				C946FB842B68C53600D5B00D /* XCRemoteSwiftPackageReference "swift-collections" */,
			);
			productRefGroup = C9A9E5BE2918D1C3005B5C22 /* Products */;
			projectDirPath = "";
			projectRoot = "";
			targets = (
				C9A9E5BC2918D1C3005B5C22 /* wled-native */,
				E15C19CD2CA1CABD00431441 /* wled-native-osx */,
			);
		};
/* End PBXProject section */

/* Begin PBXResourcesBuildPhase section */
		C9A9E5BB2918D1C3005B5C22 /* Resources */ = {
			isa = PBXResourcesBuildPhase;
			buildActionMask = 2147483647;
			files = (
				C96827232B01AFB900A5DDEC /* errorPage.fr.html in Resources */,
				C93470AC29D904C20085D9D5 /* errorPage.en.html in Resources */,
				C9D43A7B29BAE3BA005A71C2 /* Localizable.strings in Resources */,
				C93470AE29D905BD0085D9D5 /* 012_rip.png in Resources */,
				C96827212B01AF5900A5DDEC /* errorPage.css in Resources */,
				C9A9E5CA2918D1C4005B5C22 /* Assets.xcassets in Resources */,
				C9C4B47F2AC0050500791D20 /* README.md in Resources */,
				C9F82F2229BBD0E100B8A5EE /* InfoPlist.strings in Resources */,
				C90656202BBA5B9500D4ADAF /* PrivacyInfo.xcprivacy in Resources */,
				C9AF215B2AFDCF7500E03749 /* Launch Screen.storyboard in Resources */,
			);
			runOnlyForDeploymentPostprocessing = 0;
		};
		E15C19CC2CA1CABD00431441 /* Resources */ = {
			isa = PBXResourcesBuildPhase;
			buildActionMask = 2147483647;
			files = (
				E15C1A2E2CA1CDB900431441 /* Localizable.strings in Resources */,
				E15C19DD2CA1CB4000431441 /* Assets.xcassets in Resources */,
				E15C1A302CA1CDC700431441 /* 012_rip.png in Resources */,
				E15C1A312CA1CDCE00431441 /* errorPage.en.html in Resources */,
				E15C1A322CA1CDCE00431441 /* errorPage.fr.html in Resources */,
				E15C1A352CA1CDDD00431441 /* README.md in Resources */,
				E15C1A342CA1CDD400431441 /* PrivacyInfo.xcprivacy in Resources */,
				E15C1A332CA1CDCE00431441 /* errorPage.css in Resources */,
				E15C1A362CA1CE0600431441 /* InfoPlist.strings in Resources */,
			);
			runOnlyForDeploymentPostprocessing = 0;
		};
/* End PBXResourcesBuildPhase section */

/* Begin PBXSourcesBuildPhase section */
		C9A9E5B92918D1C3005B5C22 /* Sources */ = {
			isa = PBXSourcesBuildPhase;
			buildActionMask = 2147483647;
			files = (
				C946FB962B6C950200D5B00D /* WLEDJsonApiHandler.swift in Sources */,
				C97CD4A52B269FA400420E93 /* Uploader.swift in Sources */,
				C946FB9A2B6CA10600D5B00D /* DeviceExtensions.swift in Sources */,
				E149382E2CB3C930000F0224 /* WLEDRequestManagerProvider.swift in Sources */,
				C946FB982B6C953F00D5B00D /* WLEDWebsocketHandler.swift in Sources */,
				C9FCC389293DB86900DEDDEA /* FileSystem.swift in Sources */,
				C97CD4A12B269F8B00420E93 /* Reactions.swift in Sources */,
				C9FCC391293DB95500DEDDEA /* Wifi.swift in Sources */,
				C9FCC385293DB69F00DEDDEA /* WledState.swift in Sources */,
				C9767DE02AFA04E0002F3EA9 /* DeviceEditView.swift in Sources */,
				C9767DE32AFAE65C002F3EA9 /* FetchedObjects.swift in Sources */,
				C97CD4A92B30165900420E93 /* WLEDRepoApi.swift in Sources */,
				C946FB902B6C92C400D5B00D /* WLEDRefreshRequest.swift in Sources */,
				C95B4A832B3E3F540081F4C5 /* BackgroundBlurView.swift in Sources */,
				C97CD49D2B269F3000420E93 /* GithubAsset.swift in Sources */,
				C99BAC2E2B735875009BC476 /* ToolbarBadge.swift in Sources */,
				C97CD4982B25000300420E93 /* wled_native_data.xcdatamodeld in Sources */,
				C946FB9C2B6E032800D5B00D /* WLEDChangeStateRequest.swift in Sources */,
				C9FCC3A4293DBD2200DEDDEA /* Leds.swift in Sources */,
				C97CD49F2B269F6800420E93 /* Author.swift in Sources */,
				C948F4952B3D1C480092C4B1 /* DeviceUpdateDetails.swift in Sources */,
				C946FB832B68C3B700D5B00D /* WLEDRequestManager.swift in Sources */,
				C948F49A2B3E2B590092C4B1 /* DeviceUpdateInstalling.swift in Sources */,
				C9FCC38B293DB8A000DEDDEA /* WLEDRequestState.swift in Sources */,
				C96440E22AEF6B6000C51204 /* Persistence.swift in Sources */,
				C97CD4A72B30107800420E93 /* GithubApi.swift in Sources */,
				C9865AF62AEF1902000B2714 /* DeviceListView.swift in Sources */,
				C9FCC393293DB9A500DEDDEA /* Nightlight.swift in Sources */,
				C99BEF552AF49513001AD80A /* DiscoveryService.swift in Sources */,
				C9FCC397293DBD1800DEDDEA /* DeviceStateInfo.swift in Sources */,
				C96440E82AF095B500C51204 /* DeviceListItemView.swift in Sources */,
				C97CD4A32B269F9400420E93 /* Release.swift in Sources */,
				C946FB942B6C93F000D5B00D /* WLEDRequestHandler.swift in Sources */,
				C9FCC3A5293DBD2200DEDDEA /* Segment.swift in Sources */,
				C9767DDE2AF9F435002F3EA9 /* DeviceAddView.swift in Sources */,
				C9A9E5C12918D1C3005B5C22 /* WLEDNativeApp.swift in Sources */,
				C946FB8E2B6C8E8800D5B00D /* WLEDRequest.swift in Sources */,
				C97CD49A2B2519BC00420E93 /* Branch.swift in Sources */,
				C99BEF592AF8BA79001AD80A /* WebView.swift in Sources */,
				C946FBA22B702F8B00D5B00D /* WLEDSoftwareUpdateRequest.swift in Sources */,
				C97CD4AB2B30175400420E93 /* ReleaseService.swift in Sources */,
				C9FCC3A3293DBD2200DEDDEA /* Info.swift in Sources */,
				C99BEF572AF8B926001AD80A /* DeviceView.swift in Sources */,
				C9B9FB3E2B3FB7280003E6F9 /* DeviceUpdateService.swift in Sources */,
			);
			runOnlyForDeploymentPostprocessing = 0;
		};
		E15C19CA2CA1CABD00431441 /* Sources */ = {
			isa = PBXSourcesBuildPhase;
			buildActionMask = 2147483647;
			files = (
				E15C19EA2CA1CB8600431441 /* WLEDWebsocketHandler.swift in Sources */,
				E15C19EB2CA1CB8600431441 /* ReleaseService.swift in Sources */,
				E15C19EC2CA1CB8600431441 /* DeviceUpdateService.swift in Sources */,
				E15C19ED2CA1CB8600431441 /* WLEDRequestHandler.swift in Sources */,
				E149382F2CB3C930000F0224 /* WLEDRequestManagerProvider.swift in Sources */,
				E15C19EE2CA1CB8600431441 /* DeviceExtensions.swift in Sources */,
				E15C19EF2CA1CB8600431441 /* DiscoveryService.swift in Sources */,
				E15C1A0A2CA1CBC900431441 /* WLEDNativeApp.swift in Sources */,
				E15C19F12CA1CB8600431441 /* WLEDRequestManager.swift in Sources */,
				E15C19F22CA1CB8600431441 /* GithubApi.swift in Sources */,
				E15C19F32CA1CB8600431441 /* WLEDRepoApi.swift in Sources */,
				E15C19F42CA1CB8600431441 /* WLEDJsonApiHandler.swift in Sources */,
				E15C19DE2CA1CB7F00431441 /* DeviceView.swift in Sources */,
				E15C19DF2CA1CB7F00431441 /* FetchedObjects.swift in Sources */,
				E15C19E02CA1CB7F00431441 /* DeviceListItemView.swift in Sources */,
				E15C19FB2CA1CB9300431441 /* WLEDRequest.swift in Sources */,
				E15C19FC2CA1CB9300431441 /* WLEDRequestState.swift in Sources */,
				E15C19FD2CA1CB9300431441 /* WLEDRefreshRequest.swift in Sources */,
				E15C19FE2CA1CB9300431441 /* WLEDChangeStateRequest.swift in Sources */,
				E15C19FF2CA1CB9300431441 /* WLEDSoftwareUpdateRequest.swift in Sources */,
				E15C19E12CA1CB7F00431441 /* DeviceEditView.swift in Sources */,
				E15C19E22CA1CB7F00431441 /* DeviceUpdateDetails.swift in Sources */,
				E15C19E32CA1CB7F00431441 /* DeviceUpdateInstalling.swift in Sources */,
				E15C19E42CA1CB7F00431441 /* WebView.swift in Sources */,
				E15C19E52CA1CB7F00431441 /* DeviceAddView.swift in Sources */,
				E15C19E62CA1CB7F00431441 /* BackgroundBlurView.swift in Sources */,
				E15C19E72CA1CB7F00431441 /* ToolbarBadge.swift in Sources */,
				E15C19E82CA1CB7F00431441 /* DeviceListFilterAndSort.swift in Sources */,
				E15C19E92CA1CB7F00431441 /* DeviceListView.swift in Sources */,
				E15C19F62CA1CB8C00431441 /* Reactions.swift in Sources */,
				E15C19F72CA1CB8C00431441 /* Author.swift in Sources */,
				E15C19F82CA1CB8C00431441 /* Release.swift in Sources */,
				E15C19F92CA1CB8C00431441 /* Uploader.swift in Sources */,
				E15C1A002CA1CB9D00431441 /* Persistence.swift in Sources */,
				E15C1A012CA1CB9D00431441 /* DeviceStateInfo.swift in Sources */,
				E15C1A022CA1CB9D00431441 /* Wifi.swift in Sources */,
				E15C1A032CA1CB9D00431441 /* Branch.swift in Sources */,
				E15C1A042CA1CB9D00431441 /* Nightlight.swift in Sources */,
				E15C1A052CA1CB9D00431441 /* FileSystem.swift in Sources */,
				E15C1A2F2CA1CDC100431441 /* wled_native_data.xcdatamodeld in Sources */,
				E15C1A062CA1CB9D00431441 /* WledState.swift in Sources */,
				E15C1A072CA1CB9D00431441 /* Leds.swift in Sources */,
				E15C1A082CA1CB9D00431441 /* Segment.swift in Sources */,
				E15C1A092CA1CB9D00431441 /* Info.swift in Sources */,
				E15C19FA2CA1CB8C00431441 /* GithubAsset.swift in Sources */,
			);
			runOnlyForDeploymentPostprocessing = 0;
		};
/* End PBXSourcesBuildPhase section */

/* Begin PBXVariantGroup section */
		C9D43A7D29BAE3BA005A71C2 /* Localizable.strings */ = {
			isa = PBXVariantGroup;
			children = (
				C9D43A7C29BAE3BA005A71C2 /* en */,
				C9D43A8029BAE3F8005A71C2 /* fr-CA */,
			);
			name = Localizable.strings;
			sourceTree = "<group>";
		};
		C9F82F2429BBD0E100B8A5EE /* InfoPlist.strings */ = {
			isa = PBXVariantGroup;
			children = (
				C9F82F2329BBD0E100B8A5EE /* en */,
				C9F82F2529BBD0E300B8A5EE /* fr-CA */,
			);
			name = InfoPlist.strings;
			sourceTree = "<group>";
		};
/* End PBXVariantGroup section */

/* Begin XCBuildConfiguration section */
		C9A9E5CF2918D1C4005B5C22 /* Debug */ = {
			isa = XCBuildConfiguration;
			buildSettings = {
				ALWAYS_SEARCH_USER_PATHS = NO;
				CLANG_ANALYZER_LOCALIZABILITY_NONLOCALIZED = YES;
				CLANG_ANALYZER_NONNULL = YES;
				CLANG_ANALYZER_NUMBER_OBJECT_CONVERSION = YES_AGGRESSIVE;
				CLANG_CXX_LANGUAGE_STANDARD = "gnu++20";
				CLANG_ENABLE_MODULES = YES;
				CLANG_ENABLE_OBJC_ARC = YES;
				CLANG_ENABLE_OBJC_WEAK = YES;
				CLANG_WARN_BLOCK_CAPTURE_AUTORELEASING = YES;
				CLANG_WARN_BOOL_CONVERSION = YES;
				CLANG_WARN_COMMA = YES;
				CLANG_WARN_CONSTANT_CONVERSION = YES;
				CLANG_WARN_DEPRECATED_OBJC_IMPLEMENTATIONS = YES;
				CLANG_WARN_DIRECT_OBJC_ISA_USAGE = YES_ERROR;
				CLANG_WARN_DOCUMENTATION_COMMENTS = YES;
				CLANG_WARN_EMPTY_BODY = YES;
				CLANG_WARN_ENUM_CONVERSION = YES;
				CLANG_WARN_INFINITE_RECURSION = YES;
				CLANG_WARN_INT_CONVERSION = YES;
				CLANG_WARN_NON_LITERAL_NULL_CONVERSION = YES;
				CLANG_WARN_OBJC_IMPLICIT_RETAIN_SELF = YES;
				CLANG_WARN_OBJC_LITERAL_CONVERSION = YES;
				CLANG_WARN_OBJC_ROOT_CLASS = YES_ERROR;
				CLANG_WARN_QUOTED_INCLUDE_IN_FRAMEWORK_HEADER = YES;
				CLANG_WARN_RANGE_LOOP_ANALYSIS = YES;
				CLANG_WARN_STRICT_PROTOTYPES = YES;
				CLANG_WARN_SUSPICIOUS_MOVE = YES;
				CLANG_WARN_UNGUARDED_AVAILABILITY = YES_AGGRESSIVE;
				CLANG_WARN_UNREACHABLE_CODE = YES;
				CLANG_WARN__DUPLICATE_METHOD_MATCH = YES;
				COPY_PHASE_STRIP = NO;
				DEBUG_INFORMATION_FORMAT = dwarf;
				ENABLE_STRICT_OBJC_MSGSEND = YES;
				ENABLE_TESTABILITY = YES;
				ENABLE_USER_SCRIPT_SANDBOXING = YES;
				GCC_C_LANGUAGE_STANDARD = gnu11;
				GCC_DYNAMIC_NO_PIC = NO;
				GCC_NO_COMMON_BLOCKS = YES;
				GCC_OPTIMIZATION_LEVEL = 0;
				GCC_PREPROCESSOR_DEFINITIONS = (
					"DEBUG=1",
					"$(inherited)",
				);
				GCC_WARN_64_TO_32_BIT_CONVERSION = YES;
				GCC_WARN_ABOUT_RETURN_TYPE = YES_ERROR;
				GCC_WARN_UNDECLARED_SELECTOR = YES;
				GCC_WARN_UNINITIALIZED_AUTOS = YES_AGGRESSIVE;
				GCC_WARN_UNUSED_FUNCTION = YES;
				GCC_WARN_UNUSED_VARIABLE = YES;
				IPHONEOS_DEPLOYMENT_TARGET = 17.0;
				MTL_ENABLE_DEBUG_INFO = INCLUDE_SOURCE;
				MTL_FAST_MATH = YES;
				ONLY_ACTIVE_ARCH = YES;
				SDKROOT = iphoneos;
				SWIFT_ACTIVE_COMPILATION_CONDITIONS = DEBUG;
				SWIFT_OPTIMIZATION_LEVEL = "-Onone";
				SWIFT_VERSION = 6.0;
			};
			name = Debug;
		};
		C9A9E5D02918D1C4005B5C22 /* Release */ = {
			isa = XCBuildConfiguration;
			buildSettings = {
				ALWAYS_SEARCH_USER_PATHS = NO;
				CLANG_ANALYZER_LOCALIZABILITY_NONLOCALIZED = YES;
				CLANG_ANALYZER_NONNULL = YES;
				CLANG_ANALYZER_NUMBER_OBJECT_CONVERSION = YES_AGGRESSIVE;
				CLANG_CXX_LANGUAGE_STANDARD = "gnu++20";
				CLANG_ENABLE_MODULES = YES;
				CLANG_ENABLE_OBJC_ARC = YES;
				CLANG_ENABLE_OBJC_WEAK = YES;
				CLANG_WARN_BLOCK_CAPTURE_AUTORELEASING = YES;
				CLANG_WARN_BOOL_CONVERSION = YES;
				CLANG_WARN_COMMA = YES;
				CLANG_WARN_CONSTANT_CONVERSION = YES;
				CLANG_WARN_DEPRECATED_OBJC_IMPLEMENTATIONS = YES;
				CLANG_WARN_DIRECT_OBJC_ISA_USAGE = YES_ERROR;
				CLANG_WARN_DOCUMENTATION_COMMENTS = YES;
				CLANG_WARN_EMPTY_BODY = YES;
				CLANG_WARN_ENUM_CONVERSION = YES;
				CLANG_WARN_INFINITE_RECURSION = YES;
				CLANG_WARN_INT_CONVERSION = YES;
				CLANG_WARN_NON_LITERAL_NULL_CONVERSION = YES;
				CLANG_WARN_OBJC_IMPLICIT_RETAIN_SELF = YES;
				CLANG_WARN_OBJC_LITERAL_CONVERSION = YES;
				CLANG_WARN_OBJC_ROOT_CLASS = YES_ERROR;
				CLANG_WARN_QUOTED_INCLUDE_IN_FRAMEWORK_HEADER = YES;
				CLANG_WARN_RANGE_LOOP_ANALYSIS = YES;
				CLANG_WARN_STRICT_PROTOTYPES = YES;
				CLANG_WARN_SUSPICIOUS_MOVE = YES;
				CLANG_WARN_UNGUARDED_AVAILABILITY = YES_AGGRESSIVE;
				CLANG_WARN_UNREACHABLE_CODE = YES;
				CLANG_WARN__DUPLICATE_METHOD_MATCH = YES;
				COPY_PHASE_STRIP = NO;
				DEBUG_INFORMATION_FORMAT = "dwarf-with-dsym";
				ENABLE_NS_ASSERTIONS = NO;
				ENABLE_STRICT_OBJC_MSGSEND = YES;
				ENABLE_USER_SCRIPT_SANDBOXING = YES;
				GCC_C_LANGUAGE_STANDARD = gnu11;
				GCC_NO_COMMON_BLOCKS = YES;
				GCC_WARN_64_TO_32_BIT_CONVERSION = YES;
				GCC_WARN_ABOUT_RETURN_TYPE = YES_ERROR;
				GCC_WARN_UNDECLARED_SELECTOR = YES;
				GCC_WARN_UNINITIALIZED_AUTOS = YES_AGGRESSIVE;
				GCC_WARN_UNUSED_FUNCTION = YES;
				GCC_WARN_UNUSED_VARIABLE = YES;
				IPHONEOS_DEPLOYMENT_TARGET = 17.0;
				MTL_ENABLE_DEBUG_INFO = NO;
				MTL_FAST_MATH = YES;
				SDKROOT = iphoneos;
				SWIFT_COMPILATION_MODE = wholemodule;
				SWIFT_OPTIMIZATION_LEVEL = "-O";
				SWIFT_VERSION = 6.0;
				VALIDATE_PRODUCT = YES;
			};
			name = Release;
		};
		C9A9E5D22918D1C4005B5C22 /* Debug */ = {
			isa = XCBuildConfiguration;
			buildSettings = {
				ASSETCATALOG_COMPILER_APPICON_NAME = AppIcon;
				ASSETCATALOG_COMPILER_GLOBAL_ACCENT_COLOR_NAME = AccentColor;
				CODE_SIGN_STYLE = Automatic;
				CURRENT_PROJECT_VERSION = 1;
				DEVELOPMENT_TEAM = "";
				GENERATE_INFOPLIST_FILE = YES;
				INFOPLIST_FILE = "wled-native/Info.plist";
				INFOPLIST_KEY_CFBundleDisplayName = WLED;
				INFOPLIST_KEY_LSApplicationCategoryType = "public.app-category.utilities";
				INFOPLIST_KEY_NSLocalNetworkUsageDescription = "WLED uses the local network to connect to WLED devices around you.";
				INFOPLIST_KEY_UIApplicationSupportsIndirectInputEvents = YES;
				INFOPLIST_KEY_UILaunchStoryboardName = "Launch Screen";
				INFOPLIST_KEY_UISupportedInterfaceOrientations_iPad = "UIInterfaceOrientationPortrait UIInterfaceOrientationPortraitUpsideDown UIInterfaceOrientationLandscapeLeft UIInterfaceOrientationLandscapeRight";
				INFOPLIST_KEY_UISupportedInterfaceOrientations_iPhone = "UIInterfaceOrientationPortrait UIInterfaceOrientationLandscapeLeft UIInterfaceOrientationLandscapeRight";
				IPHONEOS_DEPLOYMENT_TARGET = 15.0;
				LD_RUNPATH_SEARCH_PATHS = (
					"$(inherited)",
					"@executable_path/Frameworks",
				);
				MARKETING_VERSION = 6.1;
				PRODUCT_BUNDLE_IDENTIFIER = "ca.cgagnier.wled-native";
				PRODUCT_NAME = "$(TARGET_NAME)";
				PROVISIONING_PROFILE_SPECIFIER = "";
				SUPPORTED_PLATFORMS = "iphoneos iphonesimulator";
				SUPPORTS_MACCATALYST = NO;
				SUPPORTS_MAC_DESIGNED_FOR_IPHONE_IPAD = NO;
				SWIFT_EMIT_LOC_STRINGS = YES;
				SWIFT_VERSION = 6.0;
				TARGETED_DEVICE_FAMILY = "1,2";
			};
			name = Debug;
		};
		C9A9E5D32918D1C4005B5C22 /* Release */ = {
			isa = XCBuildConfiguration;
			buildSettings = {
				ASSETCATALOG_COMPILER_APPICON_NAME = AppIcon;
				ASSETCATALOG_COMPILER_GLOBAL_ACCENT_COLOR_NAME = AccentColor;
				CODE_SIGN_STYLE = Automatic;
				CURRENT_PROJECT_VERSION = 1;
				DEVELOPMENT_TEAM = "";
				GENERATE_INFOPLIST_FILE = YES;
				INFOPLIST_FILE = "wled-native/Info.plist";
				INFOPLIST_KEY_CFBundleDisplayName = WLED;
				INFOPLIST_KEY_LSApplicationCategoryType = "public.app-category.utilities";
				INFOPLIST_KEY_NSLocalNetworkUsageDescription = "WLED uses the local network to connect to WLED devices around you.";
				INFOPLIST_KEY_UIApplicationSupportsIndirectInputEvents = YES;
				INFOPLIST_KEY_UILaunchStoryboardName = "Launch Screen";
				INFOPLIST_KEY_UISupportedInterfaceOrientations_iPad = "UIInterfaceOrientationPortrait UIInterfaceOrientationPortraitUpsideDown UIInterfaceOrientationLandscapeLeft UIInterfaceOrientationLandscapeRight";
				INFOPLIST_KEY_UISupportedInterfaceOrientations_iPhone = "UIInterfaceOrientationPortrait UIInterfaceOrientationLandscapeLeft UIInterfaceOrientationLandscapeRight";
				IPHONEOS_DEPLOYMENT_TARGET = 15.0;
				LD_RUNPATH_SEARCH_PATHS = (
					"$(inherited)",
					"@executable_path/Frameworks",
				);
				MARKETING_VERSION = 6.1;
				PRODUCT_BUNDLE_IDENTIFIER = "ca.cgagnier.wled-native";
				PRODUCT_NAME = "$(TARGET_NAME)";
				PROVISIONING_PROFILE_SPECIFIER = "";
				SUPPORTED_PLATFORMS = "iphoneos iphonesimulator";
				SUPPORTS_MACCATALYST = NO;
				SUPPORTS_MAC_DESIGNED_FOR_IPHONE_IPAD = NO;
				SWIFT_EMIT_LOC_STRINGS = YES;
				SWIFT_VERSION = 6.0;
				TARGETED_DEVICE_FAMILY = "1,2";
			};
			name = Release;
		};
		E15C19DB2CA1CABE00431441 /* Debug */ = {
			isa = XCBuildConfiguration;
			buildSettings = {
				ASSETCATALOG_COMPILER_APPICON_NAME = AppIcon;
				"ASSETCATALOG_COMPILER_APPICON_NAME[sdk=macosx*]" = AppIcon;
				ASSETCATALOG_COMPILER_GENERATE_SWIFT_ASSET_SYMBOL_EXTENSIONS = YES;
				ASSETCATALOG_COMPILER_GLOBAL_ACCENT_COLOR_NAME = AccentColor;
				CODE_SIGN_ENTITLEMENTS = "wled-native/wled_native_osx.entitlements";
				"CODE_SIGN_IDENTITY[sdk=macosx*]" = "-";
				CODE_SIGN_STYLE = Automatic;
				COMBINE_HIDPI_IMAGES = YES;
				CURRENT_PROJECT_VERSION = 1;
				DEVELOPMENT_ASSET_PATHS = "\"wled-native/Preview Content\"";
				DEVELOPMENT_TEAM = "";
				ENABLE_HARDENED_RUNTIME = YES;
				ENABLE_PREVIEWS = YES;
				GCC_C_LANGUAGE_STANDARD = gnu17;
				GENERATE_INFOPLIST_FILE = YES;
				INFOPLIST_KEY_CFBundleDisplayName = WLED;
				INFOPLIST_KEY_LSApplicationCategoryType = "public.app-category.utilities";
				INFOPLIST_KEY_NSHumanReadableCopyright = "";
				LD_RUNPATH_SEARCH_PATHS = (
					"$(inherited)",
					"@executable_path/../Frameworks",
				);
				LOCALIZATION_PREFERS_STRING_CATALOGS = YES;
				MACOSX_DEPLOYMENT_TARGET = 15.0;
				MARKETING_VERSION = 6.1;
				PRODUCT_BUNDLE_IDENTIFIER = "ca.cgagnier.wled-native";
				PRODUCT_NAME = "$(TARGET_NAME)";
				SDKROOT = macosx;
				SWIFT_ACTIVE_COMPILATION_CONDITIONS = "DEBUG $(inherited)";
				SWIFT_EMIT_LOC_STRINGS = YES;
				SWIFT_VERSION = 6.0;
			};
			name = Debug;
		};
		E15C19DC2CA1CABE00431441 /* Release */ = {
			isa = XCBuildConfiguration;
			buildSettings = {
				ASSETCATALOG_COMPILER_APPICON_NAME = AppIcon;
				"ASSETCATALOG_COMPILER_APPICON_NAME[sdk=macosx*]" = AppIcon;
				ASSETCATALOG_COMPILER_GENERATE_SWIFT_ASSET_SYMBOL_EXTENSIONS = YES;
				ASSETCATALOG_COMPILER_GLOBAL_ACCENT_COLOR_NAME = AccentColor;
				CODE_SIGN_ENTITLEMENTS = "wled-native/wled_native_osx.entitlements";
				"CODE_SIGN_IDENTITY[sdk=macosx*]" = "-";
				CODE_SIGN_STYLE = Automatic;
				COMBINE_HIDPI_IMAGES = YES;
				CURRENT_PROJECT_VERSION = 1;
				DEVELOPMENT_ASSET_PATHS = "\"wled-native/Preview Content\"";
				DEVELOPMENT_TEAM = "";
				ENABLE_HARDENED_RUNTIME = YES;
				ENABLE_PREVIEWS = YES;
				GCC_C_LANGUAGE_STANDARD = gnu17;
				GENERATE_INFOPLIST_FILE = YES;
				INFOPLIST_KEY_CFBundleDisplayName = WLED;
				INFOPLIST_KEY_LSApplicationCategoryType = "public.app-category.utilities";
				INFOPLIST_KEY_NSHumanReadableCopyright = "";
				LD_RUNPATH_SEARCH_PATHS = (
					"$(inherited)",
					"@executable_path/../Frameworks",
				);
				LOCALIZATION_PREFERS_STRING_CATALOGS = YES;
				MACOSX_DEPLOYMENT_TARGET = 15.0;
				MARKETING_VERSION = 6.1;
				PRODUCT_BUNDLE_IDENTIFIER = "ca.cgagnier.wled-native";
				PRODUCT_NAME = "$(TARGET_NAME)";
				SDKROOT = macosx;
				SWIFT_EMIT_LOC_STRINGS = YES;
				SWIFT_VERSION = 6.0;
			};
			name = Release;
		};
/* End XCBuildConfiguration section */

/* Begin XCConfigurationList section */
		C9A9E5B82918D1C3005B5C22 /* Build configuration list for PBXProject "wled-native" */ = {
			isa = XCConfigurationList;
			buildConfigurations = (
				C9A9E5CF2918D1C4005B5C22 /* Debug */,
				C9A9E5D02918D1C4005B5C22 /* Release */,
			);
			defaultConfigurationIsVisible = 0;
			defaultConfigurationName = Release;
		};
		C9A9E5D12918D1C4005B5C22 /* Build configuration list for PBXNativeTarget "wled-native" */ = {
			isa = XCConfigurationList;
			buildConfigurations = (
				C9A9E5D22918D1C4005B5C22 /* Debug */,
				C9A9E5D32918D1C4005B5C22 /* Release */,
			);
			defaultConfigurationIsVisible = 0;
			defaultConfigurationName = Release;
		};
		E15C19DA2CA1CABE00431441 /* Build configuration list for PBXNativeTarget "wled-native-osx" */ = {
			isa = XCConfigurationList;
			buildConfigurations = (
				E15C19DB2CA1CABE00431441 /* Debug */,
				E15C19DC2CA1CABE00431441 /* Release */,
			);
			defaultConfigurationIsVisible = 0;
			defaultConfigurationName = Release;
		};
/* End XCConfigurationList section */

/* Begin XCRemoteSwiftPackageReference section */
		C946FB842B68C53600D5B00D /* XCRemoteSwiftPackageReference "swift-collections" */ = {
			isa = XCRemoteSwiftPackageReference;
			repositoryURL = "https://github.com/apple/swift-collections.git";
			requirement = {
				kind = upToNextMajorVersion;
				minimumVersion = 1.0.6;
			};
		};
		C948F4962B3D2B320092C4B1 /* XCRemoteSwiftPackageReference "swift-markdown-ui" */ = {
			isa = XCRemoteSwiftPackageReference;
			repositoryURL = "https://github.com/gonzalezreal/swift-markdown-ui";
			requirement = {
				kind = upToNextMajorVersion;
				minimumVersion = 2.2.0;
			};
		};
/* End XCRemoteSwiftPackageReference section */

/* Begin XCSwiftPackageProductDependency section */
		C946FB852B68C53600D5B00D /* Collections */ = {
			isa = XCSwiftPackageProductDependency;
			package = C946FB842B68C53600D5B00D /* XCRemoteSwiftPackageReference "swift-collections" */;
			productName = Collections;
		};
		C946FB872B68C53600D5B00D /* DequeModule */ = {
			isa = XCSwiftPackageProductDependency;
			package = C946FB842B68C53600D5B00D /* XCRemoteSwiftPackageReference "swift-collections" */;
			productName = DequeModule;
		};
		C946FB892B68C53600D5B00D /* OrderedCollections */ = {
			isa = XCSwiftPackageProductDependency;
			package = C946FB842B68C53600D5B00D /* XCRemoteSwiftPackageReference "swift-collections" */;
			productName = OrderedCollections;
		};
		E15C1A262CA1CD3800431441 /* Collections */ = {
			isa = XCSwiftPackageProductDependency;
			package = C946FB842B68C53600D5B00D /* XCRemoteSwiftPackageReference "swift-collections" */;
			productName = Collections;
		};
		E15C1A282CA1CD3C00431441 /* DequeModule */ = {
			isa = XCSwiftPackageProductDependency;
			package = C946FB842B68C53600D5B00D /* XCRemoteSwiftPackageReference "swift-collections" */;
			productName = DequeModule;
		};
		E15C1A2C2CA1CD4400431441 /* OrderedCollections */ = {
			isa = XCSwiftPackageProductDependency;
			package = C946FB842B68C53600D5B00D /* XCRemoteSwiftPackageReference "swift-collections" */;
			productName = OrderedCollections;
		};
		E15C1A392CA1D4FD00431441 /* MarkdownUI */ = {
			isa = XCSwiftPackageProductDependency;
			package = C948F4962B3D2B320092C4B1 /* XCRemoteSwiftPackageReference "swift-markdown-ui" */;
			productName = MarkdownUI;
		};
		E15C1A3B2CA1D50500431441 /* MarkdownUI */ = {
			isa = XCSwiftPackageProductDependency;
			package = C948F4962B3D2B320092C4B1 /* XCRemoteSwiftPackageReference "swift-markdown-ui" */;
			productName = MarkdownUI;
		};
/* End XCSwiftPackageProductDependency section */

/* Begin XCVersionGroup section */
		C97CD4962B25000300420E93 /* wled_native_data.xcdatamodeld */ = {
			isa = XCVersionGroup;
			children = (
				C97CD4972B25000300420E93 /* wled_native_data.xcdatamodel */,
			);
			currentVersion = C97CD4972B25000300420E93 /* wled_native_data.xcdatamodel */;
			path = wled_native_data.xcdatamodeld;
			sourceTree = "<group>";
			versionGroupType = wrapper.xcdatamodel;
		};
/* End XCVersionGroup section */
	};
	rootObject = C9A9E5B52918D1C3005B5C22 /* Project object */;
}
